// !$*UTF8*$!
{
	archiveVersion = 1;
	classes = {
	};
	objectVersion = 46;
	objects = {
/* Begin PBXBuildFile section */
		0011D45EDE7E4BA88B2B6BE5 /* GroundOverlay.m in Sources */ = {isa = PBXBuildFile; fileRef = 08118FCF1B3647DF87FE09F4 /* GroundOverlay.m */; };
		0207DA581B56EA530066E2B4 /* Images.xcassets in Resources */ = {isa = PBXBuildFile; fileRef = 0207DA571B56EA530066E2B4 /* Images.xcassets */; };
		02F53441AEE245C49A505048 /* Polyline.m in Sources */ = {isa = PBXBuildFile; fileRef = 90660581C781448194ADE7A5 /* Polyline.m */; };
		04C22478B37141BC9D68AD8A /* GoogleUtilities.framework in Frameworks */ = {isa = PBXBuildFile; fileRef = 3DB0254654C042CFB261C0C4 /* GoogleUtilities.framework */; };
		06459128424F4ED09EC10350 /* CDVSplashScreen.m in Sources */ = {isa = PBXBuildFile; fileRef = 22002013AA9348E99E5C7571 /* CDVSplashScreen.m */; };
		067131B87ADB449582F8A2B2 /* CDVDevice.m in Sources */ = {isa = PBXBuildFile; fileRef = DEB700B3B93E47B4BD1E5775 /* CDVDevice.m */; };
		0805BCAB0B554541BEACD6FB /* FacebookConnectPlugin.m in Sources */ = {isa = PBXBuildFile; fileRef = D3B400901CBE425CA67279CE /* FacebookConnectPlugin.m */; };
		0AAAA23A5A724BA6B86BC122 /* GoogleMaps.m in Sources */ = {isa = PBXBuildFile; fileRef = 9A5BD87FCDF84E0BB1347ABC /* GoogleMaps.m */; };
		182C9B897F274F6985EDB51F /* AVFoundation.framework in Frameworks */ = {isa = PBXBuildFile; fileRef = 39AD0E62FF2746FC9DCECE24 /* AVFoundation.framework */; };
		1D3623260D0F684500981E51 /* AppDelegate.m in Sources */ = {isa = PBXBuildFile; fileRef = 1D3623250D0F684500981E51 /* AppDelegate.m */; };
		1D60589B0D05DD56006BFB54 /* main.m in Sources */ = {isa = PBXBuildFile; fileRef = 29B97316FDCFA39411CA2CEA /* main.m */; };
		28D125DBF2F94F2AB91158BF /* MyPluginLayer.m in Sources */ = {isa = PBXBuildFile; fileRef = 305AC97CA11C43549F4522F4 /* MyPluginLayer.m */; };
		29B3D6DD48C542428772BD6E /* PluginUtil.m in Sources */ = {isa = PBXBuildFile; fileRef = E690AAD7328C4CD59B42F24E /* PluginUtil.m */; };
		2B04E4793C5544CE9E5CF0D7 /* libz.tbd in Frameworks */ = {isa = PBXBuildFile; fileRef = B3F285D72207429291A2C72C /* libz.tbd */; };
		2C78339EF89648C49AF7B5CF /* OpenGLES.framework in Frameworks */ = {isa = PBXBuildFile; fileRef = D49A6224688F47D3A7778244 /* OpenGLES.framework */; };
		301BF552109A68D80062928A /* libCordova.a in Frameworks */ = {isa = PBXBuildFile; fileRef = 301BF535109A57CC0062928A /* libCordova.a */; };
		302D95F114D2391D003F00A1 /* MainViewController.m in Sources */ = {isa = PBXBuildFile; fileRef = 302D95EF14D2391D003F00A1 /* MainViewController.m */; };
		302D95F214D2391D003F00A1 /* MainViewController.xib in Resources */ = {isa = PBXBuildFile; fileRef = 302D95F014D2391D003F00A1 /* MainViewController.xib */; };
		37CEC33078C043338AE55308 /* FBSDKShareKit.framework in Frameworks */ = {isa = PBXBuildFile; fileRef = 5679E190684E4EF3B013BD10 /* FBSDKShareKit.framework */; };
		39AF41F2D195492499EFB772 /* AppDelegate+notification.m in Sources */ = {isa = PBXBuildFile; fileRef = 36AC2DE544294EB1BAF0D1EB /* AppDelegate+notification.m */; };
		3D8D5812A9CC4C8796C1F70F /* libz.dylib in Frameworks */ = {isa = PBXBuildFile; fileRef = 070D9FE2E51147FC861A65DC /* libz.dylib */; };
		3FBE46B48E6B4AC2A6CF9712 /* GoogleNetworkingUtilities.framework in Frameworks */ = {isa = PBXBuildFile; fileRef = CD5C47EB82BE4EE297DA262B /* GoogleNetworkingUtilities.framework */; };
		414A976C07054EFC8BBF7FD6 /* ImageIO.framework in Frameworks */ = {isa = PBXBuildFile; fileRef = 852A2610D06F43569A86A6E8 /* ImageIO.framework */; };
		4426D024E6EB4858B5777E3D /* SystemConfiguration.framework in Frameworks */ = {isa = PBXBuildFile; fileRef = DBE5230CB7BF43B7B493C812 /* SystemConfiguration.framework */; };
		448B5F4E1BF745748D11AFDC /* CDVViewController+SplashScreen.m in Sources */ = {isa = PBXBuildFile; fileRef = F3424D94AF374E70AFF9F100 /* CDVViewController+SplashScreen.m */; };
		473DA6E69D9545878768CFFD /* GMSCoordinateBounds+Geometry.m in Sources */ = {isa = PBXBuildFile; fileRef = 21D60AC2CBF845958EF918E5 /* GMSCoordinateBounds+Geometry.m */; };
		47BE90FF17C049FB9406B039 /* Bolts.framework in Frameworks */ = {isa = PBXBuildFile; fileRef = F7C18DB51369487DA923DD23 /* Bolts.framework */; };
		48E453AE32F24BEF918557AF /* UIImage+CropScaleOrientation.m in Sources */ = {isa = PBXBuildFile; fileRef = DA1378BB296C4090ADE8D328 /* UIImage+CropScaleOrientation.m */; };
		4AECCB13C1064E699A38457D /* PECropView.m in Sources */ = {isa = PBXBuildFile; fileRef = 4CD7BB9C858B4BE69FE90CD3 /* PECropView.m */; };
		4C97F3E794FD4CB3A432D18C /* GoogleAppUtilities.framework in Frameworks */ = {isa = PBXBuildFile; fileRef = 95AFB5C6C54543FF8E5DB6A8 /* GoogleAppUtilities.framework */; };
		5195054338164419A8C45CCD /* CDVLogger.m in Sources */ = {isa = PBXBuildFile; fileRef = 11D286DA558E467799470135 /* CDVLogger.m */; };
		5228147ECA9D412BBA9DC94A /* TileOverlay.m in Sources */ = {isa = PBXBuildFile; fileRef = 9A511FCA0385439894B72A3E /* TileOverlay.m */; };
		589193AC4F2A432F84F61CE1 /* PEPhotoCropEditor.bundle in Resources */ = {isa = PBXBuildFile; fileRef = 5E210B718B14467AB227BCD3 /* PEPhotoCropEditor.bundle */; };
		5AAE8A345125401F915C70A2 /* CoreLocation.framework in Frameworks */ = {isa = PBXBuildFile; fileRef = B4A5F74E9BBD4E8AAB3DC684 /* CoreLocation.framework */; };
		5E265F3DFE96433891214549 /* PushPlugin.m in Sources */ = {isa = PBXBuildFile; fileRef = BB82867FA66846379392BB24 /* PushPlugin.m */; };
		5FC9E4467C23474190AAF777 /* TBXML.m in Sources */ = {isa = PBXBuildFile; fileRef = 2824357B5FFD473BB2A36C82 /* TBXML.m */; };
		621138723F254DBEACBE2294 /* GoogleSignIn.framework in Frameworks */ = {isa = PBXBuildFile; fileRef = A09110ECA5EC4CA89FE363BE /* GoogleSignIn.framework */; };
		66B6B381A36D44ECBE7DD733 /* CDVCamera.m in Sources */ = {isa = PBXBuildFile; fileRef = D1A887D2269C4E91AEA39ECC /* CDVCamera.m */; };
		66C835D30ED849B7A9640E52 /* GooglePlus.m in Sources */ = {isa = PBXBuildFile; fileRef = 92EA6E22CF7149A9B67F0DFD /* GooglePlus.m */; };
		6AFF5BF91D6E424B00AB3073 /* CDVLaunchScreen.storyboard in Resources */ = {isa = PBXBuildFile; fileRef = 6AFF5BF81D6E424B00AB3073 /* CDVLaunchScreen.storyboard */; };
		70148B5973DB4D2B95E3B3CD /* AddressBook.framework in Frameworks */ = {isa = PBXBuildFile; fileRef = B77D4AA2E43F4D9F9C938516 /* AddressBook.framework */; settings = {ATTRIBUTES = (Weak, ); }; };
		7360A4B03A0E4D52BD10364C /* CoreData.framework in Frameworks */ = {isa = PBXBuildFile; fileRef = 9752E14582774F5CB040AF24 /* CoreData.framework */; };
		7490E901A82F43E1BCF95281 /* UniversalAnalyticsPlugin.m in Sources */ = {isa = PBXBuildFile; fileRef = ECD0A33C8A9B444AB741C71D /* UniversalAnalyticsPlugin.m */; };
		7B76A1EEA005461E9D21EBE1 /* SafariServices.framework in Frameworks */ = {isa = PBXBuildFile; fileRef = 67D4B8E88D1342E88EA35342 /* SafariServices.framework */; settings = {ATTRIBUTES = (Weak, ); }; };
		7CDEE41DFCCE414ABE58D723 /* Geocoder.m in Sources */ = {isa = PBXBuildFile; fileRef = F0AAAAE7F0AA4C50AEBB9B63 /* Geocoder.m */; };
		7D7191DEF95D42D89E41238F /* libc++.tbd in Frameworks */ = {isa = PBXBuildFile; fileRef = 356B72EF939345D8B32AA28E /* libc++.tbd */; };
		800C3EC7DC30460683089771 /* MyPluginScrollView.m in Sources */ = {isa = PBXBuildFile; fileRef = F26ABBC5F06143FE96C6CF76 /* MyPluginScrollView.m */; };
		806B5D492D184BB184ACD3CA /* IonicKeyboard.m in Sources */ = {isa = PBXBuildFile; fileRef = 9AE8CD09A28B438AA818EB82 /* IonicKeyboard.m */; };
		80747E0BA6724B05B03BB7F4 /* GoogleMaps.framework in Frameworks */ = {isa = PBXBuildFile; fileRef = 42C0C05FA48542AA89C16F95 /* GoogleMaps.framework */; };
		8258EAB02A504A08814361E5 /* CDVAssetLibraryFilesystem.m in Sources */ = {isa = PBXBuildFile; fileRef = C82C6C69375848BB9D78BBB3 /* CDVAssetLibraryFilesystem.m */; };
		829D4BC999E54784A18FBBAC /* CDVStatusBar.m in Sources */ = {isa = PBXBuildFile; fileRef = C910E120EA404E7AA924DEBB /* CDVStatusBar.m */; };
		844BB0296FDA4FEAA81FAD42 /* Circle.m in Sources */ = {isa = PBXBuildFile; fileRef = CFC993F4D00F464193BF7014 /* Circle.m */; };
		89853DE0DD3646ABA22D80A0 /* libGoogleAnalyticsServices.a in Frameworks */ = {isa = PBXBuildFile; fileRef = 58C3C731A83B46F08B2F0D16 /* libGoogleAnalyticsServices.a */; };
		8BA53AF179234B09BFFF8B0D /* CDVFileTransfer.m in Sources */ = {isa = PBXBuildFile; fileRef = CFA7C36BCE4F4622BC0F205D /* CDVFileTransfer.m */; };
		8FC3C2A874D84DF388660278 /* CDVJpegHeaderWriter.m in Sources */ = {isa = PBXBuildFile; fileRef = 45AC7E9B0F74429F8F2BEE32 /* CDVJpegHeaderWriter.m */; };
		90242846905F40689A951806 /* CoreText.framework in Frameworks */ = {isa = PBXBuildFile; fileRef = 0CF47E3DD8B24A85AC2093FA /* CoreText.framework */; };
		9511DE61D26D4183A1695AF3 /* Marker.m in Sources */ = {isa = PBXBuildFile; fileRef = A9DE2C93D59042A98890C2DB /* Marker.m */; };
		966A38937E424B7EBA3766E6 /* QuartzCore.framework in Frameworks */ = {isa = PBXBuildFile; fileRef = DA462EFEAD8D445F9914CDA2 /* QuartzCore.framework */; };
		96F56DC1868A4CDB88F292C4 /* CDVFile.m in Sources */ = {isa = PBXBuildFile; fileRef = 9CED17544B3F4A9297A5A6FE /* CDVFile.m */; };
		9F84C37091424243A5BD8A24 /* Polygon.m in Sources */ = {isa = PBXBuildFile; fileRef = CF929031143C41B89F45112F /* Polygon.m */; };
		A6B1365E65D94E9DAC7439BB /* Accelerate.framework in Frameworks */ = {isa = PBXBuildFile; fileRef = FB85D1391EE9417DB4329C3D /* Accelerate.framework */; };
		A842DAC4FA2A4CBFB01996B0 /* NSData+Base64.m in Sources */ = {isa = PBXBuildFile; fileRef = D49A1A12827B48DAAF53A183 /* NSData+Base64.m */; };
		ABA5F6E6DC9D4C4B86083749 /* CDVLocalFilesystem.m in Sources */ = {isa = PBXBuildFile; fileRef = 73E06C877EF640FA95690740 /* CDVLocalFilesystem.m */; };
		B2B9A7CB5B504B6E84B4CEB9 /* Map.m in Sources */ = {isa = PBXBuildFile; fileRef = D2FCCCDED99A4398BCE2C8D3 /* Map.m */; };
		BBD00D8CCD7A43F3A97A8559 /* GLKit.framework in Frameworks */ = {isa = PBXBuildFile; fileRef = 138EBF21588A48AF8F3A4509 /* GLKit.framework */; };
		BC5470198DFA4AB4801A95CF /* GoogleMaps.bundle in Resources */ = {isa = PBXBuildFile; fileRef = 850B1DD39C6A42FABB605757 /* GoogleMaps.bundle */; };
		BD90B9030EBE43338769FBFF /* FBSDKCoreKit.framework in Frameworks */ = {isa = PBXBuildFile; fileRef = A52FEE3BABD84D0AA65919F0 /* FBSDKCoreKit.framework */; };
		C0A23C74380440218C6A1239 /* PhotoViewer.m in Sources */ = {isa = PBXBuildFile; fileRef = 1CC337FA500B4801B39FD167 /* PhotoViewer.m */; };
		C25F166132DE47749E197420 /* libsqlite3.dylib in Frameworks */ = {isa = PBXBuildFile; fileRef = D09D8CB9B71A4FE385DA426B /* libsqlite3.dylib */; };
		C459F398DF484A5B8B62DA5E /* Security.framework in Frameworks */ = {isa = PBXBuildFile; fileRef = C048C8AAE22840BB9D63DE8F /* Security.framework */; settings = {ATTRIBUTES = (Weak, ); }; };
		C4AB7C6D4AA349E6BE3A5624 /* UIImage+PECrop.m in Sources */ = {isa = PBXBuildFile; fileRef = 49ECC3F5CBAC4A60A0E63C51 /* UIImage+PECrop.m */; };
		C5E068EF841549FB9BC0E49D /* GoogleMapsBase.framework in Frameworks */ = {isa = PBXBuildFile; fileRef = D68A3DFC6AF34211ACBB0DD2 /* GoogleMapsBase.framework */; };
		C62F61F9081D476787946951 /* CTCrop.m in Sources */ = {isa = PBXBuildFile; fileRef = 434D2FEA051C46A2B89F3FB5 /* CTCrop.m */; };
		C85BED3D15A24EF0990F6AED /* PECropRectView.m in Sources */ = {isa = PBXBuildFile; fileRef = 81689479633E4482910BD59E /* PECropRectView.m */; };
		CACF0522BE8445659302677C /* MyPluginLayerDebugView.m in Sources */ = {isa = PBXBuildFile; fileRef = C2F03E7BC52B49B092EDBDCF /* MyPluginLayerDebugView.m */; };
		CFC2C4C096454ECFB10E113E /* GoogleMapsCore.framework in Frameworks */ = {isa = PBXBuildFile; fileRef = E306012821074259BE42E7AC /* GoogleMapsCore.framework */; };
		D31ACC4B6CEA4A0CAA024EC2 /* PECropViewController.m in Sources */ = {isa = PBXBuildFile; fileRef = 950CAEC2C822495FBD483276 /* PECropViewController.m */; };
		DD7F4EC987754F3BA08E9996 /* FBSDKLoginKit.framework in Frameworks */ = {isa = PBXBuildFile; fileRef = BAA2DF5459664B2A855BF5A6 /* FBSDKLoginKit.framework */; };
		DDB550FC29C9491E98A80B49 /* AdSupport.framework in Frameworks */ = {isa = PBXBuildFile; fileRef = ED6C4ADFAA384F36951243BF /* AdSupport.framework */; };
		E04A8F2D9A8548AAB7E77371 /* GoogleMapsViewController.m in Sources */ = {isa = PBXBuildFile; fileRef = 37975F0B0EE54857949769AB /* GoogleMapsViewController.m */; };
		E3872BF595B84A278230EE42 /* GoogleAuthUtilities.framework in Frameworks */ = {isa = PBXBuildFile; fileRef = 8CF5B7A7AFFE4830A2C928D0 /* GoogleAuthUtilities.framework */; };
		E5EBDC3715CC4E148BCA1AA4 /* KmlOverlay.m in Sources */ = {isa = PBXBuildFile; fileRef = 9106AC647D5D47A1951EDDA2 /* KmlOverlay.m */; };
		F3EAB4600F9144E8A5F24148 /* MyReachability.m in Sources */ = {isa = PBXBuildFile; fileRef = 3092F48B96A94DA3A42AB01D /* MyReachability.m */; };
		F6716F2AA83D4B2284131C0A /* libAdIdAccess.a in Frameworks */ = {isa = PBXBuildFile; fileRef = 557D259A9592481990129161 /* libAdIdAccess.a */; };
		F704C1FAF0524B72A5954F68 /* GoogleSymbolUtilities.framework in Frameworks */ = {isa = PBXBuildFile; fileRef = 7FFF76EF41984DC0B837F06A /* GoogleSymbolUtilities.framework */; };
		F8CB8A69A31A4AD0B0C30DF2 /* External.m in Sources */ = {isa = PBXBuildFile; fileRef = 382D708839E04779ABCADCF7 /* External.m */; };
		FE2475A8EFC54CF283819AD4 /* UIKit.framework in Frameworks */ = {isa = PBXBuildFile; fileRef = 7931B9BB467F41B08119959D /* UIKit.framework */; };
		FFE3952B92E942898CDED624 /* PEResizeControl.m in Sources */ = {isa = PBXBuildFile; fileRef = 642089D4203A4AA8B15B0B70 /* PEResizeControl.m */; };
/* End PBXBuildFile section */

/* Begin PBXContainerItemProxy section */
		301BF534109A57CC0062928A /* PBXContainerItemProxy */ = {
			isa = PBXContainerItemProxy;
			containerPortal = 301BF52D109A57CC0062928A /* CordovaLib.xcodeproj */;
			proxyType = 2;
			remoteGlobalIDString = D2AAC07E0554694100DB518D;
			remoteInfo = CordovaLib;
		};
		301BF550109A68C00062928A /* PBXContainerItemProxy */ = {
			isa = PBXContainerItemProxy;
			containerPortal = 301BF52D109A57CC0062928A /* CordovaLib.xcodeproj */;
			proxyType = 1;
			remoteGlobalIDString = D2AAC07D0554694100DB518D;
			remoteInfo = CordovaLib;
		};
/* End PBXContainerItemProxy section */

/* Begin PBXFileReference section */
		0066328EA44048A78D7C76D6 /* GAIDictionaryBuilder.h */ = {isa = PBXFileReference; explicitFileType = undefined; fileEncoding = 4; includeInIndex = 0; lastKnownFileType = sourcecode.c.h; name = GAIDictionaryBuilder.h; path = "cordova-plugin-google-analytics/GAIDictionaryBuilder.h"; sourceTree = "<group>"; };
		0207DA571B56EA530066E2B4 /* Images.xcassets */ = {isa = PBXFileReference; lastKnownFileType = folder.assetcatalog; name = Images.xcassets; path = "Pueblos Magicos/Images.xcassets"; sourceTree = SOURCE_ROOT; };
		070D9FE2E51147FC861A65DC /* libz.dylib */ = {isa = PBXFileReference; explicitFileType = undefined; fileEncoding = 9; includeInIndex = 0; lastKnownFileType = "compiled.mach-o.dylib"; name = libz.dylib; path = usr/lib/libz.dylib; sourceTree = SDKROOT; };
		0790C89C4113495AA9FDDDF6 /* GoogleMaps.h */ = {isa = PBXFileReference; explicitFileType = undefined; fileEncoding = 4; includeInIndex = 0; lastKnownFileType = sourcecode.c.h; name = GoogleMaps.h; path = "cordova-plugin-googlemaps/GoogleMaps.h"; sourceTree = "<group>"; };
		08118FCF1B3647DF87FE09F4 /* GroundOverlay.m */ = {isa = PBXFileReference; explicitFileType = undefined; fileEncoding = 4; includeInIndex = 0; lastKnownFileType = sourcecode.c.objc; name = GroundOverlay.m; path = "cordova-plugin-googlemaps/GroundOverlay.m"; sourceTree = "<group>"; };
		0AAEFF3736924C14AA4EB412 /* UIImage+CropScaleOrientation.h */ = {isa = PBXFileReference; explicitFileType = undefined; fileEncoding = 4; includeInIndex = 0; lastKnownFileType = sourcecode.c.h; name = "UIImage+CropScaleOrientation.h"; path = "cordova-plugin-camera/UIImage+CropScaleOrientation.h"; sourceTree = "<group>"; };
		0B13E93DB59340B986FBB77E /* Geocoder.h */ = {isa = PBXFileReference; explicitFileType = undefined; fileEncoding = 4; includeInIndex = 0; lastKnownFileType = sourcecode.c.h; name = Geocoder.h; path = "cordova-plugin-googlemaps/Geocoder.h"; sourceTree = "<group>"; };
		0CF47E3DD8B24A85AC2093FA /* CoreText.framework */ = {isa = PBXFileReference; explicitFileType = undefined; fileEncoding = 9; includeInIndex = 0; lastKnownFileType = wrapper.framework; name = CoreText.framework; path = System/Library/Frameworks/CoreText.framework; sourceTree = SDKROOT; };
		0F4C7BD2850E469982B9AD7A /* Map.h */ = {isa = PBXFileReference; explicitFileType = undefined; fileEncoding = 4; includeInIndex = 0; lastKnownFileType = sourcecode.c.h; name = Map.h; path = "cordova-plugin-googlemaps/Map.h"; sourceTree = "<group>"; };
		11D286DA558E467799470135 /* CDVLogger.m */ = {isa = PBXFileReference; explicitFileType = undefined; fileEncoding = 4; includeInIndex = 0; lastKnownFileType = sourcecode.c.objc; name = CDVLogger.m; path = "cordova-plugin-console/CDVLogger.m"; sourceTree = "<group>"; };
		138EBF21588A48AF8F3A4509 /* GLKit.framework */ = {isa = PBXFileReference; explicitFileType = undefined; fileEncoding = 9; includeInIndex = 0; lastKnownFileType = wrapper.framework; name = GLKit.framework; path = System/Library/Frameworks/GLKit.framework; sourceTree = SDKROOT; };
		16984F17D7454AFB823A6CB5 /* UIImage+PECrop.h */ = {isa = PBXFileReference; explicitFileType = undefined; fileEncoding = 4; includeInIndex = 0; lastKnownFileType = sourcecode.c.h; name = "UIImage+PECrop.h"; path = "cordova-plugin-crop/UIImage+PECrop.h"; sourceTree = "<group>"; };
		19930CC48CDA4F1EA486910A /* CDVAssetLibraryFilesystem.h */ = {isa = PBXFileReference; explicitFileType = undefined; fileEncoding = 4; includeInIndex = 0; lastKnownFileType = sourcecode.c.h; name = CDVAssetLibraryFilesystem.h; path = "cordova-plugin-file/CDVAssetLibraryFilesystem.h"; sourceTree = "<group>"; };
		1CBDB5767E8E46C790261E70 /* GAITrackedViewController.h */ = {isa = PBXFileReference; explicitFileType = undefined; fileEncoding = 4; includeInIndex = 0; lastKnownFileType = sourcecode.c.h; name = GAITrackedViewController.h; path = "cordova-plugin-google-analytics/GAITrackedViewController.h"; sourceTree = "<group>"; };
		1CC337FA500B4801B39FD167 /* PhotoViewer.m */ = {isa = PBXFileReference; explicitFileType = undefined; fileEncoding = 4; includeInIndex = 0; lastKnownFileType = sourcecode.c.objc; name = PhotoViewer.m; path = "com-sarriaroman-photoviewer/PhotoViewer.m"; sourceTree = "<group>"; };
		1D3623240D0F684500981E51 /* AppDelegate.h */ = {isa = PBXFileReference; fileEncoding = 4; lastKnownFileType = sourcecode.c.h; path = AppDelegate.h; sourceTree = "<group>"; };
		1D3623250D0F684500981E51 /* AppDelegate.m */ = {isa = PBXFileReference; fileEncoding = 4; lastKnownFileType = sourcecode.c.objc; path = AppDelegate.m; sourceTree = "<group>"; };
		1D6058910D05DD3D006BFB54 /* Pueblos Magicos.app */ = {isa = PBXFileReference; explicitFileType = wrapper.application; includeInIndex = 0; path = "Pueblos Magicos.app"; sourceTree = BUILT_PRODUCTS_DIR; };
		1DC3C5442AEC413E8F1E9FF0 /* CDVFileTransfer.h */ = {isa = PBXFileReference; explicitFileType = undefined; fileEncoding = 4; includeInIndex = 0; lastKnownFileType = sourcecode.c.h; name = CDVFileTransfer.h; path = "cordova-plugin-file-transfer/CDVFileTransfer.h"; sourceTree = "<group>"; };
		1EE56C67C42E409DB4EADB1B /* MyPluginLayer.h */ = {isa = PBXFileReference; explicitFileType = undefined; fileEncoding = 4; includeInIndex = 0; lastKnownFileType = sourcecode.c.h; name = MyPluginLayer.h; path = "cordova-plugin-googlemaps/MyPluginLayer.h"; sourceTree = "<group>"; };
		2136C2285447428AAFF8DA1B /* CDVFile.h */ = {isa = PBXFileReference; explicitFileType = undefined; fileEncoding = 4; includeInIndex = 0; lastKnownFileType = sourcecode.c.h; name = CDVFile.h; path = "cordova-plugin-file/CDVFile.h"; sourceTree = "<group>"; };
		21D60AC2CBF845958EF918E5 /* GMSCoordinateBounds+Geometry.m */ = {isa = PBXFileReference; explicitFileType = undefined; fileEncoding = 4; includeInIndex = 0; lastKnownFileType = sourcecode.c.objc; name = "GMSCoordinateBounds+Geometry.m"; path = "cordova-plugin-googlemaps/GMSCoordinateBounds+Geometry.m"; sourceTree = "<group>"; };
		22002013AA9348E99E5C7571 /* CDVSplashScreen.m */ = {isa = PBXFileReference; explicitFileType = undefined; fileEncoding = 4; includeInIndex = 0; lastKnownFileType = sourcecode.c.objc; name = CDVSplashScreen.m; path = "cordova-plugin-splashscreen/CDVSplashScreen.m"; sourceTree = "<group>"; };
		276F8DAA0DB64A2AA7B8CC71 /* GroundOverlay.h */ = {isa = PBXFileReference; explicitFileType = undefined; fileEncoding = 4; includeInIndex = 0; lastKnownFileType = sourcecode.c.h; name = GroundOverlay.h; path = "cordova-plugin-googlemaps/GroundOverlay.h"; sourceTree = "<group>"; };
		2824357B5FFD473BB2A36C82 /* TBXML.m */ = {isa = PBXFileReference; explicitFileType = undefined; fileEncoding = 4; includeInIndex = 0; lastKnownFileType = sourcecode.c.objc; name = TBXML.m; path = "cordova-plugin-googlemaps/TBXML.m"; sourceTree = "<group>"; };
		29202F5DEF814D52A1656013 /* NSData+Base64.podspec */ = {isa = PBXFileReference; explicitFileType = undefined; fileEncoding = 9; includeInIndex = 0; lastKnownFileType = unknown; name = "NSData+Base64.podspec"; path = "cordova-plugin-googlemaps/NSData+Base64.podspec"; sourceTree = "<group>"; };
		29B97316FDCFA39411CA2CEA /* main.m */ = {isa = PBXFileReference; fileEncoding = 4; lastKnownFileType = sourcecode.c.objc; path = main.m; sourceTree = "<group>"; };
		2A0CF5E8A9634C01A5F84035 /* TBXML.h */ = {isa = PBXFileReference; explicitFileType = undefined; fileEncoding = 4; includeInIndex = 0; lastKnownFileType = sourcecode.c.h; name = TBXML.h; path = "cordova-plugin-googlemaps/TBXML.h"; sourceTree = "<group>"; };
		2D643912BC614FDFB9D9C7E5 /* MyReachability.h */ = {isa = PBXFileReference; explicitFileType = undefined; fileEncoding = 4; includeInIndex = 0; lastKnownFileType = sourcecode.c.h; name = MyReachability.h; path = "cordova-plugin-googlemaps/MyReachability.h"; sourceTree = "<group>"; };
		2E963CFDD70E4524A7575565 /* UniversalAnalyticsPlugin.h */ = {isa = PBXFileReference; explicitFileType = undefined; fileEncoding = 4; includeInIndex = 0; lastKnownFileType = sourcecode.c.h; name = UniversalAnalyticsPlugin.h; path = "cordova-plugin-google-analytics/UniversalAnalyticsPlugin.h"; sourceTree = "<group>"; };
		301BF52D109A57CC0062928A /* CordovaLib.xcodeproj */ = {isa = PBXFileReference; lastKnownFileType = "wrapper.pb-project"; name = CordovaLib.xcodeproj; path = CordovaLib/CordovaLib.xcodeproj; sourceTree = "<group>"; };
		301BF56E109A69640062928A /* www */ = {isa = PBXFileReference; lastKnownFileType = folder; path = www; sourceTree = SOURCE_ROOT; };
		302D95EE14D2391D003F00A1 /* MainViewController.h */ = {isa = PBXFileReference; fileEncoding = 4; lastKnownFileType = sourcecode.c.h; path = MainViewController.h; sourceTree = "<group>"; };
		302D95EF14D2391D003F00A1 /* MainViewController.m */ = {isa = PBXFileReference; fileEncoding = 4; lastKnownFileType = sourcecode.c.objc; path = MainViewController.m; sourceTree = "<group>"; };
		302D95F014D2391D003F00A1 /* MainViewController.xib */ = {isa = PBXFileReference; fileEncoding = 4; lastKnownFileType = file.xib; path = MainViewController.xib; sourceTree = "<group>"; };
		3047A50F1AB8059700498E2A /* build-debug.xcconfig */ = {isa = PBXFileReference; fileEncoding = 4; lastKnownFileType = text.xcconfig; name = "build-debug.xcconfig"; path = "cordova/build-debug.xcconfig"; sourceTree = SOURCE_ROOT; };
		3047A5101AB8059700498E2A /* build-release.xcconfig */ = {isa = PBXFileReference; fileEncoding = 4; lastKnownFileType = text.xcconfig; name = "build-release.xcconfig"; path = "cordova/build-release.xcconfig"; sourceTree = SOURCE_ROOT; };
		3047A5111AB8059700498E2A /* build.xcconfig */ = {isa = PBXFileReference; fileEncoding = 4; lastKnownFileType = text.xcconfig; name = build.xcconfig; path = cordova/build.xcconfig; sourceTree = SOURCE_ROOT; };
		305AC97CA11C43549F4522F4 /* MyPluginLayer.m */ = {isa = PBXFileReference; explicitFileType = undefined; fileEncoding = 4; includeInIndex = 0; lastKnownFileType = sourcecode.c.objc; name = MyPluginLayer.m; path = "cordova-plugin-googlemaps/MyPluginLayer.m"; sourceTree = "<group>"; };
		3092F48B96A94DA3A42AB01D /* MyReachability.m */ = {isa = PBXFileReference; explicitFileType = undefined; fileEncoding = 4; includeInIndex = 0; lastKnownFileType = sourcecode.c.objc; name = MyReachability.m; path = "cordova-plugin-googlemaps/MyReachability.m"; sourceTree = "<group>"; };
		32854F995B854B41A6130B03 /* PECropViewController.h */ = {isa = PBXFileReference; explicitFileType = undefined; fileEncoding = 4; includeInIndex = 0; lastKnownFileType = sourcecode.c.h; name = PECropViewController.h; path = "cordova-plugin-crop/PECropViewController.h"; sourceTree = "<group>"; };
		32CA4F630368D1EE00C91783 /* Pueblos Magicos-Prefix.pch */ = {isa = PBXFileReference; fileEncoding = 4; lastKnownFileType = sourcecode.c.h; path = "Pueblos Magicos-Prefix.pch"; sourceTree = "<group>"; };
		356B72EF939345D8B32AA28E /* libc++.tbd */ = {isa = PBXFileReference; explicitFileType = undefined; fileEncoding = 9; includeInIndex = 0; lastKnownFileType = "sourcecode.text-based-dylib-definition"; name = "libc++.tbd"; path = "usr/lib/libc++.tbd"; sourceTree = SDKROOT; };
		364BEE9213C7426D94816B56 /* GAIEcommerceFields.h */ = {isa = PBXFileReference; explicitFileType = undefined; fileEncoding = 4; includeInIndex = 0; lastKnownFileType = sourcecode.c.h; name = GAIEcommerceFields.h; path = "cordova-plugin-google-analytics/GAIEcommerceFields.h"; sourceTree = "<group>"; };
		36AC2DE544294EB1BAF0D1EB /* AppDelegate+notification.m */ = {isa = PBXFileReference; explicitFileType = undefined; fileEncoding = 4; includeInIndex = 0; lastKnownFileType = sourcecode.c.objc; name = "AppDelegate+notification.m"; path = "phonegap-plugin-push/AppDelegate+notification.m"; sourceTree = "<group>"; };
		37975F0B0EE54857949769AB /* GoogleMapsViewController.m */ = {isa = PBXFileReference; explicitFileType = undefined; fileEncoding = 4; includeInIndex = 0; lastKnownFileType = sourcecode.c.objc; name = GoogleMapsViewController.m; path = "cordova-plugin-googlemaps/GoogleMapsViewController.m"; sourceTree = "<group>"; };
		382D708839E04779ABCADCF7 /* External.m */ = {isa = PBXFileReference; explicitFileType = undefined; fileEncoding = 4; includeInIndex = 0; lastKnownFileType = sourcecode.c.objc; name = External.m; path = "cordova-plugin-googlemaps/External.m"; sourceTree = "<group>"; };
		39AD0E62FF2746FC9DCECE24 /* AVFoundation.framework */ = {isa = PBXFileReference; explicitFileType = undefined; fileEncoding = 9; includeInIndex = 0; lastKnownFileType = wrapper.framework; name = AVFoundation.framework; path = System/Library/Frameworks/AVFoundation.framework; sourceTree = SDKROOT; };
		3DB0254654C042CFB261C0C4 /* GoogleUtilities.framework */ = {isa = PBXFileReference; explicitFileType = undefined; fileEncoding = 9; includeInIndex = 0; lastKnownFileType = wrapper.framework; name = GoogleUtilities.framework; path = "Pueblos Magicos/Plugins/cordova-plugin-googleplus/GoogleUtilities.framework"; sourceTree = "<group>"; };
		42C0C05FA48542AA89C16F95 /* GoogleMaps.framework */ = {isa = PBXFileReference; explicitFileType = undefined; fileEncoding = 9; includeInIndex = 0; lastKnownFileType = wrapper.framework; name = GoogleMaps.framework; path = "Pueblos Magicos/Plugins/com.googlemaps.ios/GoogleMaps.framework"; sourceTree = "<group>"; };
		434D2FEA051C46A2B89F3FB5 /* CTCrop.m */ = {isa = PBXFileReference; explicitFileType = undefined; fileEncoding = 4; includeInIndex = 0; lastKnownFileType = sourcecode.c.objc; name = CTCrop.m; path = "cordova-plugin-crop/CTCrop.m"; sourceTree = "<group>"; };
		45AC7E9B0F74429F8F2BEE32 /* CDVJpegHeaderWriter.m */ = {isa = PBXFileReference; explicitFileType = undefined; fileEncoding = 4; includeInIndex = 0; lastKnownFileType = sourcecode.c.objc; name = CDVJpegHeaderWriter.m; path = "cordova-plugin-camera/CDVJpegHeaderWriter.m"; sourceTree = "<group>"; };
		48B3C9DFF49944BAA4ECB177 /* GAITracker.h */ = {isa = PBXFileReference; explicitFileType = undefined; fileEncoding = 4; includeInIndex = 0; lastKnownFileType = sourcecode.c.h; name = GAITracker.h; path = "cordova-plugin-google-analytics/GAITracker.h"; sourceTree = "<group>"; };
		49ECC3F5CBAC4A60A0E63C51 /* UIImage+PECrop.m */ = {isa = PBXFileReference; explicitFileType = undefined; fileEncoding = 4; includeInIndex = 0; lastKnownFileType = sourcecode.c.objc; name = "UIImage+PECrop.m"; path = "cordova-plugin-crop/UIImage+PECrop.m"; sourceTree = "<group>"; };
		4CD7BB9C858B4BE69FE90CD3 /* PECropView.m */ = {isa = PBXFileReference; explicitFileType = undefined; fileEncoding = 4; includeInIndex = 0; lastKnownFileType = sourcecode.c.objc; name = PECropView.m; path = "cordova-plugin-crop/PECropView.m"; sourceTree = "<group>"; };
		54DAD6FFE0044543BEF2EB67 /* GoogleMapsViewController.h */ = {isa = PBXFileReference; explicitFileType = undefined; fileEncoding = 4; includeInIndex = 0; lastKnownFileType = sourcecode.c.h; name = GoogleMapsViewController.h; path = "cordova-plugin-googlemaps/GoogleMapsViewController.h"; sourceTree = "<group>"; };
		557D259A9592481990129161 /* libAdIdAccess.a */ = {isa = PBXFileReference; explicitFileType = undefined; fileEncoding = 9; includeInIndex = 0; lastKnownFileType = archive.ar; name = libAdIdAccess.a; path = "Pueblos Magicos/Plugins/cordova-plugin-google-analytics/libAdIdAccess.a"; sourceTree = "<group>"; };
		5679E190684E4EF3B013BD10 /* FBSDKShareKit.framework */ = {isa = PBXFileReference; explicitFileType = undefined; fileEncoding = 9; includeInIndex = 0; lastKnownFileType = wrapper.framework; name = FBSDKShareKit.framework; path = "Pueblos Magicos/Plugins/cordova-plugin-facebook4/FBSDKShareKit.framework"; sourceTree = "<group>"; };
		56869FB5517E4433877D8D3B /* CDVJpegHeaderWriter.h */ = {isa = PBXFileReference; explicitFileType = undefined; fileEncoding = 4; includeInIndex = 0; lastKnownFileType = sourcecode.c.h; name = CDVJpegHeaderWriter.h; path = "cordova-plugin-camera/CDVJpegHeaderWriter.h"; sourceTree = "<group>"; };
		58C3C731A83B46F08B2F0D16 /* libGoogleAnalyticsServices.a */ = {isa = PBXFileReference; explicitFileType = undefined; fileEncoding = 9; includeInIndex = 0; lastKnownFileType = archive.ar; name = libGoogleAnalyticsServices.a; path = "Pueblos Magicos/Plugins/cordova-plugin-google-analytics/libGoogleAnalyticsServices.a"; sourceTree = "<group>"; };
		5AE179622FBF413A8271A07B /* PECropRectView.h */ = {isa = PBXFileReference; explicitFileType = undefined; fileEncoding = 4; includeInIndex = 0; lastKnownFileType = sourcecode.c.h; name = PECropRectView.h; path = "cordova-plugin-crop/PECropRectView.h"; sourceTree = "<group>"; };
		5B42CDD1C28245C2A75F1F19 /* GAIEcommerceProductAction.h */ = {isa = PBXFileReference; explicitFileType = undefined; fileEncoding = 4; includeInIndex = 0; lastKnownFileType = sourcecode.c.h; name = GAIEcommerceProductAction.h; path = "cordova-plugin-google-analytics/GAIEcommerceProductAction.h"; sourceTree = "<group>"; };
		5E210B718B14467AB227BCD3 /* PEPhotoCropEditor.bundle */ = {isa = PBXFileReference; explicitFileType = undefined; fileEncoding = 9; includeInIndex = 0; lastKnownFileType = "wrapper.plug-in"; path = PEPhotoCropEditor.bundle; sourceTree = "<group>"; };
		60F47D2D0BC4458F9C134803 /* Marker.h */ = {isa = PBXFileReference; explicitFileType = undefined; fileEncoding = 4; includeInIndex = 0; lastKnownFileType = sourcecode.c.h; name = Marker.h; path = "cordova-plugin-googlemaps/Marker.h"; sourceTree = "<group>"; };
		61A738B8C10742A288A0006E /* GAIEcommerceProduct.h */ = {isa = PBXFileReference; explicitFileType = undefined; fileEncoding = 4; includeInIndex = 0; lastKnownFileType = sourcecode.c.h; name = GAIEcommerceProduct.h; path = "cordova-plugin-google-analytics/GAIEcommerceProduct.h"; sourceTree = "<group>"; };
		639B1B7E43DA42B8B58F4F45 /* GAIEcommercePromotion.h */ = {isa = PBXFileReference; explicitFileType = undefined; fileEncoding = 4; includeInIndex = 0; lastKnownFileType = sourcecode.c.h; name = GAIEcommercePromotion.h; path = "cordova-plugin-google-analytics/GAIEcommercePromotion.h"; sourceTree = "<group>"; };
		642089D4203A4AA8B15B0B70 /* PEResizeControl.m */ = {isa = PBXFileReference; explicitFileType = undefined; fileEncoding = 4; includeInIndex = 0; lastKnownFileType = sourcecode.c.objc; name = PEResizeControl.m; path = "cordova-plugin-crop/PEResizeControl.m"; sourceTree = "<group>"; };
		67D4B8E88D1342E88EA35342 /* SafariServices.framework */ = {isa = PBXFileReference; explicitFileType = undefined; fileEncoding = 9; includeInIndex = 0; lastKnownFileType = wrapper.framework; name = SafariServices.framework; path = System/Library/Frameworks/SafariServices.framework; sourceTree = SDKROOT; };
		6AFF5BF81D6E424B00AB3073 /* CDVLaunchScreen.storyboard */ = {isa = PBXFileReference; fileEncoding = 4; lastKnownFileType = file.storyboard; name = CDVLaunchScreen.storyboard; path = "Pueblos Magicos/CDVLaunchScreen.storyboard"; sourceTree = SOURCE_ROOT; };
		72EDBF228C374BABB0FC9352 /* GMSCoordinateBounds+Geometry.h */ = {isa = PBXFileReference; explicitFileType = undefined; fileEncoding = 4; includeInIndex = 0; lastKnownFileType = sourcecode.c.h; name = "GMSCoordinateBounds+Geometry.h"; path = "cordova-plugin-googlemaps/GMSCoordinateBounds+Geometry.h"; sourceTree = "<group>"; };
		73E06C877EF640FA95690740 /* CDVLocalFilesystem.m */ = {isa = PBXFileReference; explicitFileType = undefined; fileEncoding = 4; includeInIndex = 0; lastKnownFileType = sourcecode.c.objc; name = CDVLocalFilesystem.m; path = "cordova-plugin-file/CDVLocalFilesystem.m"; sourceTree = "<group>"; };
		76DD34F9C6F24671B8BC869E /* MyPlgunProtocol.h */ = {isa = PBXFileReference; explicitFileType = undefined; fileEncoding = 4; includeInIndex = 0; lastKnownFileType = sourcecode.c.h; name = MyPlgunProtocol.h; path = "cordova-plugin-googlemaps/MyPlgunProtocol.h"; sourceTree = "<group>"; };
		7931B9BB467F41B08119959D /* UIKit.framework */ = {isa = PBXFileReference; explicitFileType = undefined; fileEncoding = 9; includeInIndex = 0; lastKnownFileType = wrapper.framework; name = UIKit.framework; path = System/Library/Frameworks/UIKit.framework; sourceTree = SDKROOT; };
		793E337A8FD94140B4451627 /* TileOverlay.h */ = {isa = PBXFileReference; explicitFileType = undefined; fileEncoding = 4; includeInIndex = 0; lastKnownFileType = sourcecode.c.h; name = TileOverlay.h; path = "cordova-plugin-googlemaps/TileOverlay.h"; sourceTree = "<group>"; };
		7C9C7D11280C43E1A20B6FCD /* PECropView.h */ = {isa = PBXFileReference; explicitFileType = undefined; fileEncoding = 4; includeInIndex = 0; lastKnownFileType = sourcecode.c.h; name = PECropView.h; path = "cordova-plugin-crop/PECropView.h"; sourceTree = "<group>"; };
		7FFF76EF41984DC0B837F06A /* GoogleSymbolUtilities.framework */ = {isa = PBXFileReference; explicitFileType = undefined; fileEncoding = 9; includeInIndex = 0; lastKnownFileType = wrapper.framework; name = GoogleSymbolUtilities.framework; path = "Pueblos Magicos/Plugins/cordova-plugin-googleplus/GoogleSymbolUtilities.framework"; sourceTree = "<group>"; };
		81689479633E4482910BD59E /* PECropRectView.m */ = {isa = PBXFileReference; explicitFileType = undefined; fileEncoding = 4; includeInIndex = 0; lastKnownFileType = sourcecode.c.objc; name = PECropRectView.m; path = "cordova-plugin-crop/PECropRectView.m"; sourceTree = "<group>"; };
		81D1A88D1BFA423E97AB7EFB /* CDVStatusBar.h */ = {isa = PBXFileReference; explicitFileType = undefined; fileEncoding = 4; includeInIndex = 0; lastKnownFileType = sourcecode.c.h; name = CDVStatusBar.h; path = "cordova-plugin-statusbar/CDVStatusBar.h"; sourceTree = "<group>"; };
		848F83A5611A45DD81FC5DBF /* External.h */ = {isa = PBXFileReference; explicitFileType = undefined; fileEncoding = 4; includeInIndex = 0; lastKnownFileType = sourcecode.c.h; name = External.h; path = "cordova-plugin-googlemaps/External.h"; sourceTree = "<group>"; };
		850B1DD39C6A42FABB605757 /* GoogleMaps.bundle */ = {isa = PBXFileReference; explicitFileType = undefined; fileEncoding = 9; includeInIndex = 0; lastKnownFileType = "wrapper.plug-in"; path = GoogleMaps.bundle; sourceTree = "<group>"; };
		852A2610D06F43569A86A6E8 /* ImageIO.framework */ = {isa = PBXFileReference; explicitFileType = undefined; fileEncoding = 9; includeInIndex = 0; lastKnownFileType = wrapper.framework; name = ImageIO.framework; path = System/Library/Frameworks/ImageIO.framework; sourceTree = SDKROOT; };
		8A57FA931C9C49FAAF8C142D /* Polygon.h */ = {isa = PBXFileReference; explicitFileType = undefined; fileEncoding = 4; includeInIndex = 0; lastKnownFileType = sourcecode.c.h; name = Polygon.h; path = "cordova-plugin-googlemaps/Polygon.h"; sourceTree = "<group>"; };
		8CF5B7A7AFFE4830A2C928D0 /* GoogleAuthUtilities.framework */ = {isa = PBXFileReference; explicitFileType = undefined; fileEncoding = 9; includeInIndex = 0; lastKnownFileType = wrapper.framework; name = GoogleAuthUtilities.framework; path = "Pueblos Magicos/Plugins/cordova-plugin-googleplus/GoogleAuthUtilities.framework"; sourceTree = "<group>"; };
		8D09CB4F502D4343921CD972 /* IonicKeyboard.h */ = {isa = PBXFileReference; explicitFileType = undefined; fileEncoding = 4; includeInIndex = 0; lastKnownFileType = sourcecode.c.h; name = IonicKeyboard.h; path = "ionic-plugin-keyboard/IonicKeyboard.h"; sourceTree = "<group>"; };
		8D1107310486CEB800E47090 /* Pueblos Magicos-Info.plist */ = {isa = PBXFileReference; fileEncoding = 4; lastKnownFileType = text.plist.xml; name = "Pueblos Magicos-Info.plist"; path = "Pueblos Magicos/Pueblos Magicos-Info.plist"; plistStructureDefinitionIdentifier = "com.apple.xcode.plist.structure-definition.iphone.info-plist"; sourceTree = SOURCE_ROOT; };
		90660581C781448194ADE7A5 /* Polyline.m */ = {isa = PBXFileReference; explicitFileType = undefined; fileEncoding = 4; includeInIndex = 0; lastKnownFileType = sourcecode.c.objc; name = Polyline.m; path = "cordova-plugin-googlemaps/Polyline.m"; sourceTree = "<group>"; };
		9106AC647D5D47A1951EDDA2 /* KmlOverlay.m */ = {isa = PBXFileReference; explicitFileType = undefined; fileEncoding = 4; includeInIndex = 0; lastKnownFileType = sourcecode.c.objc; name = KmlOverlay.m; path = "cordova-plugin-googlemaps/KmlOverlay.m"; sourceTree = "<group>"; };
		92B560800C8E47E89A2163B4 /* PEResizeControl.h */ = {isa = PBXFileReference; explicitFileType = undefined; fileEncoding = 4; includeInIndex = 0; lastKnownFileType = sourcecode.c.h; name = PEResizeControl.h; path = "cordova-plugin-crop/PEResizeControl.h"; sourceTree = "<group>"; };
		92EA6E22CF7149A9B67F0DFD /* GooglePlus.m */ = {isa = PBXFileReference; explicitFileType = undefined; fileEncoding = 4; includeInIndex = 0; lastKnownFileType = sourcecode.c.objc; name = GooglePlus.m; path = "cordova-plugin-googleplus/GooglePlus.m"; sourceTree = "<group>"; };
		950CAEC2C822495FBD483276 /* PECropViewController.m */ = {isa = PBXFileReference; explicitFileType = undefined; fileEncoding = 4; includeInIndex = 0; lastKnownFileType = sourcecode.c.objc; name = PECropViewController.m; path = "cordova-plugin-crop/PECropViewController.m"; sourceTree = "<group>"; };
		95AFB5C6C54543FF8E5DB6A8 /* GoogleAppUtilities.framework */ = {isa = PBXFileReference; explicitFileType = undefined; fileEncoding = 9; includeInIndex = 0; lastKnownFileType = wrapper.framework; name = GoogleAppUtilities.framework; path = "Pueblos Magicos/Plugins/cordova-plugin-googleplus/GoogleAppUtilities.framework"; sourceTree = "<group>"; };
		96AFA666E52A45CF8FA5EB4F /* MyPluginScrollView.h */ = {isa = PBXFileReference; explicitFileType = undefined; fileEncoding = 4; includeInIndex = 0; lastKnownFileType = sourcecode.c.h; name = MyPluginScrollView.h; path = "cordova-plugin-googlemaps/MyPluginScrollView.h"; sourceTree = "<group>"; };
		9752E14582774F5CB040AF24 /* CoreData.framework */ = {isa = PBXFileReference; explicitFileType = undefined; fileEncoding = 9; includeInIndex = 0; lastKnownFileType = wrapper.framework; name = CoreData.framework; path = System/Library/Frameworks/CoreData.framework; sourceTree = SDKROOT; };
		98FBE99D8B2E496C9FE51105 /* CDVCamera.h */ = {isa = PBXFileReference; explicitFileType = undefined; fileEncoding = 4; includeInIndex = 0; lastKnownFileType = sourcecode.c.h; name = CDVCamera.h; path = "cordova-plugin-camera/CDVCamera.h"; sourceTree = "<group>"; };
		9A511FCA0385439894B72A3E /* TileOverlay.m */ = {isa = PBXFileReference; explicitFileType = undefined; fileEncoding = 4; includeInIndex = 0; lastKnownFileType = sourcecode.c.objc; name = TileOverlay.m; path = "cordova-plugin-googlemaps/TileOverlay.m"; sourceTree = "<group>"; };
		9A5BD87FCDF84E0BB1347ABC /* GoogleMaps.m */ = {isa = PBXFileReference; explicitFileType = undefined; fileEncoding = 4; includeInIndex = 0; lastKnownFileType = sourcecode.c.objc; name = GoogleMaps.m; path = "cordova-plugin-googlemaps/GoogleMaps.m"; sourceTree = "<group>"; };
		9AE8CD09A28B438AA818EB82 /* IonicKeyboard.m */ = {isa = PBXFileReference; explicitFileType = undefined; fileEncoding = 4; includeInIndex = 0; lastKnownFileType = sourcecode.c.objc; name = IonicKeyboard.m; path = "ionic-plugin-keyboard/IonicKeyboard.m"; sourceTree = "<group>"; };
		9B829CB377234D5095BAEA67 /* PluginUtil.h */ = {isa = PBXFileReference; explicitFileType = undefined; fileEncoding = 4; includeInIndex = 0; lastKnownFileType = sourcecode.c.h; name = PluginUtil.h; path = "cordova-plugin-googlemaps/PluginUtil.h"; sourceTree = "<group>"; };
		9CED17544B3F4A9297A5A6FE /* CDVFile.m */ = {isa = PBXFileReference; explicitFileType = undefined; fileEncoding = 4; includeInIndex = 0; lastKnownFileType = sourcecode.c.objc; name = CDVFile.m; path = "cordova-plugin-file/CDVFile.m"; sourceTree = "<group>"; };
		A043C57BBFED458395C7FCC5 /* NSData+Base64.h */ = {isa = PBXFileReference; explicitFileType = undefined; fileEncoding = 4; includeInIndex = 0; lastKnownFileType = sourcecode.c.h; name = "NSData+Base64.h"; path = "cordova-plugin-googlemaps/NSData+Base64.h"; sourceTree = "<group>"; };
		A09110ECA5EC4CA89FE363BE /* GoogleSignIn.framework */ = {isa = PBXFileReference; explicitFileType = undefined; fileEncoding = 9; includeInIndex = 0; lastKnownFileType = wrapper.framework; name = GoogleSignIn.framework; path = "Pueblos Magicos/Plugins/cordova-plugin-googleplus/GoogleSignIn.framework"; sourceTree = "<group>"; };
		A2FFCAE4D8C644778E69043E /* CDVSplashScreen.h */ = {isa = PBXFileReference; explicitFileType = undefined; fileEncoding = 4; includeInIndex = 0; lastKnownFileType = sourcecode.c.h; name = CDVSplashScreen.h; path = "cordova-plugin-splashscreen/CDVSplashScreen.h"; sourceTree = "<group>"; };
		A52FEE3BABD84D0AA65919F0 /* FBSDKCoreKit.framework */ = {isa = PBXFileReference; explicitFileType = undefined; fileEncoding = 9; includeInIndex = 0; lastKnownFileType = wrapper.framework; name = FBSDKCoreKit.framework; path = "Pueblos Magicos/Plugins/cordova-plugin-facebook4/FBSDKCoreKit.framework"; sourceTree = "<group>"; };
		A6548D4C1E51048700A9C31F /* Pueblos Magicos.entitlements */ = {isa = PBXFileReference; lastKnownFileType = text.plist.entitlements; name = "Pueblos Magicos.entitlements"; path = "Pueblos Magicos/Pueblos Magicos.entitlements"; sourceTree = "<group>"; };
		A9DE2C93D59042A98890C2DB /* Marker.m */ = {isa = PBXFileReference; explicitFileType = undefined; fileEncoding = 4; includeInIndex = 0; lastKnownFileType = sourcecode.c.objc; name = Marker.m; path = "cordova-plugin-googlemaps/Marker.m"; sourceTree = "<group>"; };
		B3F285D72207429291A2C72C /* libz.tbd */ = {isa = PBXFileReference; explicitFileType = undefined; fileEncoding = 9; includeInIndex = 0; lastKnownFileType = "sourcecode.text-based-dylib-definition"; name = libz.tbd; path = usr/lib/libz.tbd; sourceTree = SDKROOT; };
		B4A5F74E9BBD4E8AAB3DC684 /* CoreLocation.framework */ = {isa = PBXFileReference; explicitFileType = undefined; fileEncoding = 9; includeInIndex = 0; lastKnownFileType = wrapper.framework; name = CoreLocation.framework; path = System/Library/Frameworks/CoreLocation.framework; sourceTree = SDKROOT; };
		B6A14F9763394E6380FC78D7 /* CDVLogger.h */ = {isa = PBXFileReference; explicitFileType = undefined; fileEncoding = 4; includeInIndex = 0; lastKnownFileType = sourcecode.c.h; name = CDVLogger.h; path = "cordova-plugin-console/CDVLogger.h"; sourceTree = "<group>"; };
		B77D4AA2E43F4D9F9C938516 /* AddressBook.framework */ = {isa = PBXFileReference; explicitFileType = undefined; fileEncoding = 9; includeInIndex = 0; lastKnownFileType = wrapper.framework; name = AddressBook.framework; path = System/Library/Frameworks/AddressBook.framework; sourceTree = SDKROOT; };
		BA9C8132B4AB455B802FC079 /* CDVDevice.h */ = {isa = PBXFileReference; explicitFileType = undefined; fileEncoding = 4; includeInIndex = 0; lastKnownFileType = sourcecode.c.h; name = CDVDevice.h; path = "cordova-plugin-device/CDVDevice.h"; sourceTree = "<group>"; };
		BAA2DF5459664B2A855BF5A6 /* FBSDKLoginKit.framework */ = {isa = PBXFileReference; explicitFileType = undefined; fileEncoding = 9; includeInIndex = 0; lastKnownFileType = wrapper.framework; name = FBSDKLoginKit.framework; path = "Pueblos Magicos/Plugins/cordova-plugin-facebook4/FBSDKLoginKit.framework"; sourceTree = "<group>"; };
		BB82867FA66846379392BB24 /* PushPlugin.m */ = {isa = PBXFileReference; explicitFileType = undefined; fileEncoding = 4; includeInIndex = 0; lastKnownFileType = sourcecode.c.objc; name = PushPlugin.m; path = "phonegap-plugin-push/PushPlugin.m"; sourceTree = "<group>"; };
		BDB1732FEFA1435BA795C138 /* GAILogger.h */ = {isa = PBXFileReference; explicitFileType = undefined; fileEncoding = 4; includeInIndex = 0; lastKnownFileType = sourcecode.c.h; name = GAILogger.h; path = "cordova-plugin-google-analytics/GAILogger.h"; sourceTree = "<group>"; };
		BDEBF091B27E471E8AB44752 /* CDVViewController+SplashScreen.h */ = {isa = PBXFileReference; explicitFileType = undefined; fileEncoding = 4; includeInIndex = 0; lastKnownFileType = sourcecode.c.h; name = "CDVViewController+SplashScreen.h"; path = "cordova-plugin-splashscreen/CDVViewController+SplashScreen.h"; sourceTree = "<group>"; };
		C048C8AAE22840BB9D63DE8F /* Security.framework */ = {isa = PBXFileReference; explicitFileType = undefined; fileEncoding = 9; includeInIndex = 0; lastKnownFileType = wrapper.framework; name = Security.framework; path = System/Library/Frameworks/Security.framework; sourceTree = SDKROOT; };
		C2F03E7BC52B49B092EDBDCF /* MyPluginLayerDebugView.m */ = {isa = PBXFileReference; explicitFileType = undefined; fileEncoding = 4; includeInIndex = 0; lastKnownFileType = sourcecode.c.objc; name = MyPluginLayerDebugView.m; path = "cordova-plugin-googlemaps/MyPluginLayerDebugView.m"; sourceTree = "<group>"; };
		C60701D35DBD490DA3A55A82 /* AppDelegate+notification.h */ = {isa = PBXFileReference; explicitFileType = undefined; fileEncoding = 4; includeInIndex = 0; lastKnownFileType = sourcecode.c.h; name = "AppDelegate+notification.h"; path = "phonegap-plugin-push/AppDelegate+notification.h"; sourceTree = "<group>"; };
		C78344F7C60A41519FB2231E /* KmlOverlay.h */ = {isa = PBXFileReference; explicitFileType = undefined; fileEncoding = 4; includeInIndex = 0; lastKnownFileType = sourcecode.c.h; name = KmlOverlay.h; path = "cordova-plugin-googlemaps/KmlOverlay.h"; sourceTree = "<group>"; };
		C82C6C69375848BB9D78BBB3 /* CDVAssetLibraryFilesystem.m */ = {isa = PBXFileReference; explicitFileType = undefined; fileEncoding = 4; includeInIndex = 0; lastKnownFileType = sourcecode.c.objc; name = CDVAssetLibraryFilesystem.m; path = "cordova-plugin-file/CDVAssetLibraryFilesystem.m"; sourceTree = "<group>"; };
		C910E120EA404E7AA924DEBB /* CDVStatusBar.m */ = {isa = PBXFileReference; explicitFileType = undefined; fileEncoding = 4; includeInIndex = 0; lastKnownFileType = sourcecode.c.objc; name = CDVStatusBar.m; path = "cordova-plugin-statusbar/CDVStatusBar.m"; sourceTree = "<group>"; };
		CA4BB6397F914925B5818650 /* GooglePlus.h */ = {isa = PBXFileReference; explicitFileType = undefined; fileEncoding = 4; includeInIndex = 0; lastKnownFileType = sourcecode.c.h; name = GooglePlus.h; path = "cordova-plugin-googleplus/GooglePlus.h"; sourceTree = "<group>"; };
		CD152EB08C7B4EFDA176FDFA /* Polyline.h */ = {isa = PBXFileReference; explicitFileType = undefined; fileEncoding = 4; includeInIndex = 0; lastKnownFileType = sourcecode.c.h; name = Polyline.h; path = "cordova-plugin-googlemaps/Polyline.h"; sourceTree = "<group>"; };
		CD5C47EB82BE4EE297DA262B /* GoogleNetworkingUtilities.framework */ = {isa = PBXFileReference; explicitFileType = undefined; fileEncoding = 9; includeInIndex = 0; lastKnownFileType = wrapper.framework; name = GoogleNetworkingUtilities.framework; path = "Pueblos Magicos/Plugins/cordova-plugin-googleplus/GoogleNetworkingUtilities.framework"; sourceTree = "<group>"; };
		CF929031143C41B89F45112F /* Polygon.m */ = {isa = PBXFileReference; explicitFileType = undefined; fileEncoding = 4; includeInIndex = 0; lastKnownFileType = sourcecode.c.objc; name = Polygon.m; path = "cordova-plugin-googlemaps/Polygon.m"; sourceTree = "<group>"; };
		CFA7C36BCE4F4622BC0F205D /* CDVFileTransfer.m */ = {isa = PBXFileReference; explicitFileType = undefined; fileEncoding = 4; includeInIndex = 0; lastKnownFileType = sourcecode.c.objc; name = CDVFileTransfer.m; path = "cordova-plugin-file-transfer/CDVFileTransfer.m"; sourceTree = "<group>"; };
		CFC993F4D00F464193BF7014 /* Circle.m */ = {isa = PBXFileReference; explicitFileType = undefined; fileEncoding = 4; includeInIndex = 0; lastKnownFileType = sourcecode.c.objc; name = Circle.m; path = "cordova-plugin-googlemaps/Circle.m"; sourceTree = "<group>"; };
		D09D8CB9B71A4FE385DA426B /* libsqlite3.dylib */ = {isa = PBXFileReference; explicitFileType = undefined; fileEncoding = 9; includeInIndex = 0; lastKnownFileType = "compiled.mach-o.dylib"; name = libsqlite3.dylib; path = usr/lib/libsqlite3.dylib; sourceTree = SDKROOT; };
		D1A887D2269C4E91AEA39ECC /* CDVCamera.m */ = {isa = PBXFileReference; explicitFileType = undefined; fileEncoding = 4; includeInIndex = 0; lastKnownFileType = sourcecode.c.objc; name = CDVCamera.m; path = "cordova-plugin-camera/CDVCamera.m"; sourceTree = "<group>"; };
		D2FCCCDED99A4398BCE2C8D3 /* Map.m */ = {isa = PBXFileReference; explicitFileType = undefined; fileEncoding = 4; includeInIndex = 0; lastKnownFileType = sourcecode.c.objc; name = Map.m; path = "cordova-plugin-googlemaps/Map.m"; sourceTree = "<group>"; };
		D3B400901CBE425CA67279CE /* FacebookConnectPlugin.m */ = {isa = PBXFileReference; explicitFileType = undefined; fileEncoding = 4; includeInIndex = 0; lastKnownFileType = sourcecode.c.objc; name = FacebookConnectPlugin.m; path = "cordova-plugin-facebook4/FacebookConnectPlugin.m"; sourceTree = "<group>"; };
		D49A1A12827B48DAAF53A183 /* NSData+Base64.m */ = {isa = PBXFileReference; explicitFileType = undefined; fileEncoding = 4; includeInIndex = 0; lastKnownFileType = sourcecode.c.objc; name = "NSData+Base64.m"; path = "cordova-plugin-googlemaps/NSData+Base64.m"; sourceTree = "<group>"; };
		D49A6224688F47D3A7778244 /* OpenGLES.framework */ = {isa = PBXFileReference; explicitFileType = undefined; fileEncoding = 9; includeInIndex = 0; lastKnownFileType = wrapper.framework; name = OpenGLES.framework; path = System/Library/Frameworks/OpenGLES.framework; sourceTree = SDKROOT; };
		D56978610FE04615899996CA /* CDVLocalFilesystem.h */ = {isa = PBXFileReference; explicitFileType = undefined; fileEncoding = 4; includeInIndex = 0; lastKnownFileType = sourcecode.c.h; name = CDVLocalFilesystem.h; path = "cordova-plugin-file/CDVLocalFilesystem.h"; sourceTree = "<group>"; };
		D5E7B9B5B37549F7934C6253 /* PushPlugin.h */ = {isa = PBXFileReference; explicitFileType = undefined; fileEncoding = 4; includeInIndex = 0; lastKnownFileType = sourcecode.c.h; name = PushPlugin.h; path = "phonegap-plugin-push/PushPlugin.h"; sourceTree = "<group>"; };
		D68A3DFC6AF34211ACBB0DD2 /* GoogleMapsBase.framework */ = {isa = PBXFileReference; explicitFileType = undefined; fileEncoding = 9; includeInIndex = 0; lastKnownFileType = wrapper.framework; name = GoogleMapsBase.framework; path = "Pueblos Magicos/Plugins/com.googlemaps.ios/GoogleMapsBase.framework"; sourceTree = "<group>"; };
		D797D30EC8DC4771BB039F81 /* FacebookConnectPlugin.h */ = {isa = PBXFileReference; explicitFileType = undefined; fileEncoding = 4; includeInIndex = 0; lastKnownFileType = sourcecode.c.h; name = FacebookConnectPlugin.h; path = "cordova-plugin-facebook4/FacebookConnectPlugin.h"; sourceTree = "<group>"; };
		D8DBD93B325242EBB82ABA53 /* GAI.h */ = {isa = PBXFileReference; explicitFileType = undefined; fileEncoding = 4; includeInIndex = 0; lastKnownFileType = sourcecode.c.h; name = GAI.h; path = "cordova-plugin-google-analytics/GAI.h"; sourceTree = "<group>"; };
		DA1378BB296C4090ADE8D328 /* UIImage+CropScaleOrientation.m */ = {isa = PBXFileReference; explicitFileType = undefined; fileEncoding = 4; includeInIndex = 0; lastKnownFileType = sourcecode.c.objc; name = "UIImage+CropScaleOrientation.m"; path = "cordova-plugin-camera/UIImage+CropScaleOrientation.m"; sourceTree = "<group>"; };
		DA462EFEAD8D445F9914CDA2 /* QuartzCore.framework */ = {isa = PBXFileReference; explicitFileType = undefined; fileEncoding = 9; includeInIndex = 0; lastKnownFileType = wrapper.framework; name = QuartzCore.framework; path = System/Library/Frameworks/QuartzCore.framework; sourceTree = SDKROOT; };
		DBE5230CB7BF43B7B493C812 /* SystemConfiguration.framework */ = {isa = PBXFileReference; explicitFileType = undefined; fileEncoding = 9; includeInIndex = 0; lastKnownFileType = wrapper.framework; name = SystemConfiguration.framework; path = System/Library/Frameworks/SystemConfiguration.framework; sourceTree = SDKROOT; };
		DEB700B3B93E47B4BD1E5775 /* CDVDevice.m */ = {isa = PBXFileReference; explicitFileType = undefined; fileEncoding = 4; includeInIndex = 0; lastKnownFileType = sourcecode.c.objc; name = CDVDevice.m; path = "cordova-plugin-device/CDVDevice.m"; sourceTree = "<group>"; };
		E29356D1E3384355A7C39E29 /* CDVExif.h */ = {isa = PBXFileReference; explicitFileType = undefined; fileEncoding = 4; includeInIndex = 0; lastKnownFileType = sourcecode.c.h; name = CDVExif.h; path = "cordova-plugin-camera/CDVExif.h"; sourceTree = "<group>"; };
		E306012821074259BE42E7AC /* GoogleMapsCore.framework */ = {isa = PBXFileReference; explicitFileType = undefined; fileEncoding = 9; includeInIndex = 0; lastKnownFileType = wrapper.framework; name = GoogleMapsCore.framework; path = "Pueblos Magicos/Plugins/com.googlemaps.ios/GoogleMapsCore.framework"; sourceTree = "<group>"; };
		E690AAD7328C4CD59B42F24E /* PluginUtil.m */ = {isa = PBXFileReference; explicitFileType = undefined; fileEncoding = 4; includeInIndex = 0; lastKnownFileType = sourcecode.c.objc; name = PluginUtil.m; path = "cordova-plugin-googlemaps/PluginUtil.m"; sourceTree = "<group>"; };
		E95F7BB0FEB941BAA20D746A /* CTCrop.h */ = {isa = PBXFileReference; explicitFileType = undefined; fileEncoding = 4; includeInIndex = 0; lastKnownFileType = sourcecode.c.h; name = CTCrop.h; path = "cordova-plugin-crop/CTCrop.h"; sourceTree = "<group>"; };
		E98133E306934E77B66B41BC /* Circle.h */ = {isa = PBXFileReference; explicitFileType = undefined; fileEncoding = 4; includeInIndex = 0; lastKnownFileType = sourcecode.c.h; name = Circle.h; path = "cordova-plugin-googlemaps/Circle.h"; sourceTree = "<group>"; };
		EB87FDF31871DA8E0020F90C /* www */ = {isa = PBXFileReference; lastKnownFileType = folder; name = www; path = ../../www; sourceTree = "<group>"; };
		EB87FDF41871DAF40020F90C /* config.xml */ = {isa = PBXFileReference; lastKnownFileType = text.xml; name = config.xml; path = ../../config.xml; sourceTree = "<group>"; };
		ECD0A33C8A9B444AB741C71D /* UniversalAnalyticsPlugin.m */ = {isa = PBXFileReference; explicitFileType = undefined; fileEncoding = 4; includeInIndex = 0; lastKnownFileType = sourcecode.c.objc; name = UniversalAnalyticsPlugin.m; path = "cordova-plugin-google-analytics/UniversalAnalyticsPlugin.m"; sourceTree = "<group>"; };
		ED33DF2A687741AEAF9F8254 /* Bridging-Header.h */ = {isa = PBXFileReference; fileEncoding = 4; lastKnownFileType = sourcecode.c.h; path = "Bridging-Header.h"; sourceTree = "<group>"; };
		ED6C4ADFAA384F36951243BF /* AdSupport.framework */ = {isa = PBXFileReference; explicitFileType = undefined; fileEncoding = 9; includeInIndex = 0; lastKnownFileType = wrapper.framework; name = AdSupport.framework; path = System/Library/Frameworks/AdSupport.framework; sourceTree = SDKROOT; };
		EF15B4F6C2B6456B908057E0 /* MyPluginLayerDebugView.h */ = {isa = PBXFileReference; explicitFileType = undefined; fileEncoding = 4; includeInIndex = 0; lastKnownFileType = sourcecode.c.h; name = MyPluginLayerDebugView.h; path = "cordova-plugin-googlemaps/MyPluginLayerDebugView.h"; sourceTree = "<group>"; };
		F0AAAAE7F0AA4C50AEBB9B63 /* Geocoder.m */ = {isa = PBXFileReference; explicitFileType = undefined; fileEncoding = 4; includeInIndex = 0; lastKnownFileType = sourcecode.c.objc; name = Geocoder.m; path = "cordova-plugin-googlemaps/Geocoder.m"; sourceTree = "<group>"; };
		F26ABBC5F06143FE96C6CF76 /* MyPluginScrollView.m */ = {isa = PBXFileReference; explicitFileType = undefined; fileEncoding = 4; includeInIndex = 0; lastKnownFileType = sourcecode.c.objc; name = MyPluginScrollView.m; path = "cordova-plugin-googlemaps/MyPluginScrollView.m"; sourceTree = "<group>"; };
		F3424D94AF374E70AFF9F100 /* CDVViewController+SplashScreen.m */ = {isa = PBXFileReference; explicitFileType = undefined; fileEncoding = 4; includeInIndex = 0; lastKnownFileType = sourcecode.c.objc; name = "CDVViewController+SplashScreen.m"; path = "cordova-plugin-splashscreen/CDVViewController+SplashScreen.m"; sourceTree = "<group>"; };
		F61F4E1D4F1B4462B3938CE7 /* GAIFields.h */ = {isa = PBXFileReference; explicitFileType = undefined; fileEncoding = 4; includeInIndex = 0; lastKnownFileType = sourcecode.c.h; name = GAIFields.h; path = "cordova-plugin-google-analytics/GAIFields.h"; sourceTree = "<group>"; };
		F7C18DB51369487DA923DD23 /* Bolts.framework */ = {isa = PBXFileReference; explicitFileType = undefined; fileEncoding = 9; includeInIndex = 0; lastKnownFileType = wrapper.framework; name = Bolts.framework; path = "Pueblos Magicos/Plugins/cordova-plugin-facebook4/Bolts.framework"; sourceTree = "<group>"; };
		F840E1F0165FE0F500CFE078 /* config.xml */ = {isa = PBXFileReference; lastKnownFileType = text.xml; name = config.xml; path = "Pueblos Magicos/config.xml"; sourceTree = "<group>"; };
		FB85D1391EE9417DB4329C3D /* Accelerate.framework */ = {isa = PBXFileReference; explicitFileType = undefined; fileEncoding = 9; includeInIndex = 0; lastKnownFileType = wrapper.framework; name = Accelerate.framework; path = System/Library/Frameworks/Accelerate.framework; sourceTree = SDKROOT; };
/* End PBXFileReference section */

/* Begin PBXFrameworksBuildPhase section */
		1D60588F0D05DD3D006BFB54 /* Frameworks */ = {
			isa = PBXFrameworksBuildPhase;
			buildActionMask = 2147483647;
			files = (
				301BF552109A68D80062928A /* libCordova.a in Frameworks */,
				A6B1365E65D94E9DAC7439BB /* Accelerate.framework in Frameworks */,
				7360A4B03A0E4D52BD10364C /* CoreData.framework in Frameworks */,
				5AAE8A345125401F915C70A2 /* CoreLocation.framework in Frameworks */,
				90242846905F40689A951806 /* CoreText.framework in Frameworks */,
				BBD00D8CCD7A43F3A97A8559 /* GLKit.framework in Frameworks */,
				414A976C07054EFC8BBF7FD6 /* ImageIO.framework in Frameworks */,
				7D7191DEF95D42D89E41238F /* libc++.tbd in Frameworks */,
				2B04E4793C5544CE9E5CF0D7 /* libz.tbd in Frameworks */,
				2C78339EF89648C49AF7B5CF /* OpenGLES.framework in Frameworks */,
				966A38937E424B7EBA3766E6 /* QuartzCore.framework in Frameworks */,
				4426D024E6EB4858B5777E3D /* SystemConfiguration.framework in Frameworks */,
				FE2475A8EFC54CF283819AD4 /* UIKit.framework in Frameworks */,
				C5E068EF841549FB9BC0E49D /* GoogleMapsBase.framework in Frameworks */,
				80747E0BA6724B05B03BB7F4 /* GoogleMaps.framework in Frameworks */,
				CFC2C4C096454ECFB10E113E /* GoogleMapsCore.framework in Frameworks */,
				182C9B897F274F6985EDB51F /* AVFoundation.framework in Frameworks */,
				47BE90FF17C049FB9406B039 /* Bolts.framework in Frameworks */,
				BD90B9030EBE43338769FBFF /* FBSDKCoreKit.framework in Frameworks */,
				DD7F4EC987754F3BA08E9996 /* FBSDKLoginKit.framework in Frameworks */,
				37CEC33078C043338AE55308 /* FBSDKShareKit.framework in Frameworks */,
				89853DE0DD3646ABA22D80A0 /* libGoogleAnalyticsServices.a in Frameworks */,
				F6716F2AA83D4B2284131C0A /* libAdIdAccess.a in Frameworks */,
				DDB550FC29C9491E98A80B49 /* AdSupport.framework in Frameworks */,
				3D8D5812A9CC4C8796C1F70F /* libz.dylib in Frameworks */,
				C25F166132DE47749E197420 /* libsqlite3.dylib in Frameworks */,
				4C97F3E794FD4CB3A432D18C /* GoogleAppUtilities.framework in Frameworks */,
				E3872BF595B84A278230EE42 /* GoogleAuthUtilities.framework in Frameworks */,
				3FBE46B48E6B4AC2A6CF9712 /* GoogleNetworkingUtilities.framework in Frameworks */,
				621138723F254DBEACBE2294 /* GoogleSignIn.framework in Frameworks */,
				F704C1FAF0524B72A5954F68 /* GoogleSymbolUtilities.framework in Frameworks */,
				04C22478B37141BC9D68AD8A /* GoogleUtilities.framework in Frameworks */,
				70148B5973DB4D2B95E3B3CD /* AddressBook.framework in Frameworks */,
				7B76A1EEA005461E9D21EBE1 /* SafariServices.framework in Frameworks */,
				C459F398DF484A5B8B62DA5E /* Security.framework in Frameworks */,
			);
			runOnlyForDeploymentPostprocessing = 0;
		};
/* End PBXFrameworksBuildPhase section */

/* Begin PBXGroup section */
		080E96DDFE201D6D7F000001 /* Classes */ = {
			isa = PBXGroup;
			children = (
				302D95EE14D2391D003F00A1 /* MainViewController.h */,
				302D95EF14D2391D003F00A1 /* MainViewController.m */,
				302D95F014D2391D003F00A1 /* MainViewController.xib */,
				1D3623240D0F684500981E51 /* AppDelegate.h */,
				1D3623250D0F684500981E51 /* AppDelegate.m */,
			);
			name = Classes;
			path = "Pueblos Magicos/Classes";
			sourceTree = SOURCE_ROOT;
		};
		19C28FACFE9D520D11CA2CBB /* Products */ = {
			isa = PBXGroup;
			children = (
				1D6058910D05DD3D006BFB54 /* Pueblos Magicos.app */,
			);
			name = Products;
			sourceTree = "<group>";
		};
		29B97314FDCFA39411CA2CEA /* CustomTemplate */ = {
			isa = PBXGroup;
			children = (
				A6548D4C1E51048700A9C31F /* Pueblos Magicos.entitlements */,
				EB87FDF41871DAF40020F90C /* config.xml */,
				EB87FDF31871DA8E0020F90C /* www */,
				EB87FDF11871DA420020F90C /* Staging */,
				301BF52D109A57CC0062928A /* CordovaLib.xcodeproj */,
				080E96DDFE201D6D7F000001 /* Classes */,
				307C750510C5A3420062BCA9 /* Plugins */,
				29B97315FDCFA39411CA2CEA /* Other Sources */,
				29B97317FDCFA39411CA2CEA /* Resources */,
				29B97323FDCFA39411CA2CEA /* Frameworks */,
				19C28FACFE9D520D11CA2CBB /* Products */,
			);
			name = CustomTemplate;
			sourceTree = "<group>";
		};
		29B97315FDCFA39411CA2CEA /* Other Sources */ = {
			isa = PBXGroup;
			children = (
				32CA4F630368D1EE00C91783 /* Pueblos Magicos-Prefix.pch */,
				29B97316FDCFA39411CA2CEA /* main.m */,
				ED33DF2A687741AEAF9F8254 /* Bridging-Header.h */,
			);
			name = "Other Sources";
			path = "Pueblos Magicos";
			sourceTree = "<group>";
		};
		29B97317FDCFA39411CA2CEA /* Resources */ = {
			isa = PBXGroup;
			children = (
				0207DA571B56EA530066E2B4 /* Images.xcassets */,
				3047A50E1AB8057F00498E2A /* config */,
				8D1107310486CEB800E47090 /* Pueblos Magicos-Info.plist */,
				6AFF5BF81D6E424B00AB3073 /* CDVLaunchScreen.storyboard */,
				850B1DD39C6A42FABB605757 /* GoogleMaps.bundle */,
				5E210B718B14467AB227BCD3 /* PEPhotoCropEditor.bundle */,
			);
			name = Resources;
			path = "Pueblos Magicos/Resources";
			sourceTree = "<group>";
		};
		29B97323FDCFA39411CA2CEA /* Frameworks */ = {
			isa = PBXGroup;
			children = (
				FB85D1391EE9417DB4329C3D /* Accelerate.framework */,
				9752E14582774F5CB040AF24 /* CoreData.framework */,
				B4A5F74E9BBD4E8AAB3DC684 /* CoreLocation.framework */,
				0CF47E3DD8B24A85AC2093FA /* CoreText.framework */,
				138EBF21588A48AF8F3A4509 /* GLKit.framework */,
				852A2610D06F43569A86A6E8 /* ImageIO.framework */,
				356B72EF939345D8B32AA28E /* libc++.tbd */,
				B3F285D72207429291A2C72C /* libz.tbd */,
				D49A6224688F47D3A7778244 /* OpenGLES.framework */,
				DA462EFEAD8D445F9914CDA2 /* QuartzCore.framework */,
				DBE5230CB7BF43B7B493C812 /* SystemConfiguration.framework */,
				7931B9BB467F41B08119959D /* UIKit.framework */,
				D68A3DFC6AF34211ACBB0DD2 /* GoogleMapsBase.framework */,
				42C0C05FA48542AA89C16F95 /* GoogleMaps.framework */,
				E306012821074259BE42E7AC /* GoogleMapsCore.framework */,
				39AD0E62FF2746FC9DCECE24 /* AVFoundation.framework */,
				F7C18DB51369487DA923DD23 /* Bolts.framework */,
				A52FEE3BABD84D0AA65919F0 /* FBSDKCoreKit.framework */,
				BAA2DF5459664B2A855BF5A6 /* FBSDKLoginKit.framework */,
				5679E190684E4EF3B013BD10 /* FBSDKShareKit.framework */,
				58C3C731A83B46F08B2F0D16 /* libGoogleAnalyticsServices.a */,
				557D259A9592481990129161 /* libAdIdAccess.a */,
				ED6C4ADFAA384F36951243BF /* AdSupport.framework */,
				070D9FE2E51147FC861A65DC /* libz.dylib */,
				D09D8CB9B71A4FE385DA426B /* libsqlite3.dylib */,
				95AFB5C6C54543FF8E5DB6A8 /* GoogleAppUtilities.framework */,
				8CF5B7A7AFFE4830A2C928D0 /* GoogleAuthUtilities.framework */,
				CD5C47EB82BE4EE297DA262B /* GoogleNetworkingUtilities.framework */,
				A09110ECA5EC4CA89FE363BE /* GoogleSignIn.framework */,
				7FFF76EF41984DC0B837F06A /* GoogleSymbolUtilities.framework */,
				3DB0254654C042CFB261C0C4 /* GoogleUtilities.framework */,
				B77D4AA2E43F4D9F9C938516 /* AddressBook.framework */,
				67D4B8E88D1342E88EA35342 /* SafariServices.framework */,
				C048C8AAE22840BB9D63DE8F /* Security.framework */,
			);
			name = Frameworks;
			sourceTree = "<group>";
		};
		301BF52E109A57CC0062928A /* Products */ = {
			isa = PBXGroup;
			children = (
				301BF535109A57CC0062928A /* libCordova.a */,
			);
			name = Products;
			sourceTree = "<group>";
		};
		3047A50E1AB8057F00498E2A /* config */ = {
			isa = PBXGroup;
			children = (
				3047A50F1AB8059700498E2A /* build-debug.xcconfig */,
				3047A5101AB8059700498E2A /* build-release.xcconfig */,
				3047A5111AB8059700498E2A /* build.xcconfig */,
			);
			name = config;
			sourceTree = "<group>";
		};
		307C750510C5A3420062BCA9 /* Plugins */ = {
			isa = PBXGroup;
			children = (
				1CC337FA500B4801B39FD167 /* PhotoViewer.m */,
				DA1378BB296C4090ADE8D328 /* UIImage+CropScaleOrientation.m */,
				D1A887D2269C4E91AEA39ECC /* CDVCamera.m */,
				45AC7E9B0F74429F8F2BEE32 /* CDVJpegHeaderWriter.m */,
				0AAEFF3736924C14AA4EB412 /* UIImage+CropScaleOrientation.h */,
				98FBE99D8B2E496C9FE51105 /* CDVCamera.h */,
				56869FB5517E4433877D8D3B /* CDVJpegHeaderWriter.h */,
				E29356D1E3384355A7C39E29 /* CDVExif.h */,
				11D286DA558E467799470135 /* CDVLogger.m */,
				B6A14F9763394E6380FC78D7 /* CDVLogger.h */,
				434D2FEA051C46A2B89F3FB5 /* CTCrop.m */,
				81689479633E4482910BD59E /* PECropRectView.m */,
				4CD7BB9C858B4BE69FE90CD3 /* PECropView.m */,
				950CAEC2C822495FBD483276 /* PECropViewController.m */,
				642089D4203A4AA8B15B0B70 /* PEResizeControl.m */,
				49ECC3F5CBAC4A60A0E63C51 /* UIImage+PECrop.m */,
				E95F7BB0FEB941BAA20D746A /* CTCrop.h */,
				5AE179622FBF413A8271A07B /* PECropRectView.h */,
				7C9C7D11280C43E1A20B6FCD /* PECropView.h */,
				32854F995B854B41A6130B03 /* PECropViewController.h */,
				92B560800C8E47E89A2163B4 /* PEResizeControl.h */,
				16984F17D7454AFB823A6CB5 /* UIImage+PECrop.h */,
				DEB700B3B93E47B4BD1E5775 /* CDVDevice.m */,
				BA9C8132B4AB455B802FC079 /* CDVDevice.h */,
				D3B400901CBE425CA67279CE /* FacebookConnectPlugin.m */,
				D797D30EC8DC4771BB039F81 /* FacebookConnectPlugin.h */,
				ECD0A33C8A9B444AB741C71D /* UniversalAnalyticsPlugin.m */,
				2E963CFDD70E4524A7575565 /* UniversalAnalyticsPlugin.h */,
				0066328EA44048A78D7C76D6 /* GAIDictionaryBuilder.h */,
				F61F4E1D4F1B4462B3938CE7 /* GAIFields.h */,
				BDB1732FEFA1435BA795C138 /* GAILogger.h */,
				1CBDB5767E8E46C790261E70 /* GAITrackedViewController.h */,
				D8DBD93B325242EBB82ABA53 /* GAI.h */,
				48B3C9DFF49944BAA4ECB177 /* GAITracker.h */,
				364BEE9213C7426D94816B56 /* GAIEcommerceFields.h */,
				61A738B8C10742A288A0006E /* GAIEcommerceProduct.h */,
				5B42CDD1C28245C2A75F1F19 /* GAIEcommerceProductAction.h */,
				639B1B7E43DA42B8B58F4F45 /* GAIEcommercePromotion.h */,
				CFC993F4D00F464193BF7014 /* Circle.m */,
				382D708839E04779ABCADCF7 /* External.m */,
				F0AAAAE7F0AA4C50AEBB9B63 /* Geocoder.m */,
				9A5BD87FCDF84E0BB1347ABC /* GoogleMaps.m */,
				37975F0B0EE54857949769AB /* GoogleMapsViewController.m */,
				08118FCF1B3647DF87FE09F4 /* GroundOverlay.m */,
				9106AC647D5D47A1951EDDA2 /* KmlOverlay.m */,
				D2FCCCDED99A4398BCE2C8D3 /* Map.m */,
				A9DE2C93D59042A98890C2DB /* Marker.m */,
				E690AAD7328C4CD59B42F24E /* PluginUtil.m */,
				CF929031143C41B89F45112F /* Polygon.m */,
				90660581C781448194ADE7A5 /* Polyline.m */,
				2824357B5FFD473BB2A36C82 /* TBXML.m */,
				9A511FCA0385439894B72A3E /* TileOverlay.m */,
				D49A1A12827B48DAAF53A183 /* NSData+Base64.m */,
				21D60AC2CBF845958EF918E5 /* GMSCoordinateBounds+Geometry.m */,
				305AC97CA11C43549F4522F4 /* MyPluginLayer.m */,
				3092F48B96A94DA3A42AB01D /* MyReachability.m */,
				C2F03E7BC52B49B092EDBDCF /* MyPluginLayerDebugView.m */,
				F26ABBC5F06143FE96C6CF76 /* MyPluginScrollView.m */,
				E98133E306934E77B66B41BC /* Circle.h */,
				848F83A5611A45DD81FC5DBF /* External.h */,
				0B13E93DB59340B986FBB77E /* Geocoder.h */,
				0790C89C4113495AA9FDDDF6 /* GoogleMaps.h */,
				54DAD6FFE0044543BEF2EB67 /* GoogleMapsViewController.h */,
				276F8DAA0DB64A2AA7B8CC71 /* GroundOverlay.h */,
				C78344F7C60A41519FB2231E /* KmlOverlay.h */,
				0F4C7BD2850E469982B9AD7A /* Map.h */,
				60F47D2D0BC4458F9C134803 /* Marker.h */,
				76DD34F9C6F24671B8BC869E /* MyPlgunProtocol.h */,
				9B829CB377234D5095BAEA67 /* PluginUtil.h */,
				8A57FA931C9C49FAAF8C142D /* Polygon.h */,
				CD152EB08C7B4EFDA176FDFA /* Polyline.h */,
				2A0CF5E8A9634C01A5F84035 /* TBXML.h */,
				793E337A8FD94140B4451627 /* TileOverlay.h */,
				A043C57BBFED458395C7FCC5 /* NSData+Base64.h */,
				29202F5DEF814D52A1656013 /* NSData+Base64.podspec */,
				72EDBF228C374BABB0FC9352 /* GMSCoordinateBounds+Geometry.h */,
				1EE56C67C42E409DB4EADB1B /* MyPluginLayer.h */,
				2D643912BC614FDFB9D9C7E5 /* MyReachability.h */,
				EF15B4F6C2B6456B908057E0 /* MyPluginLayerDebugView.h */,
				96AFA666E52A45CF8FA5EB4F /* MyPluginScrollView.h */,
				92EA6E22CF7149A9B67F0DFD /* GooglePlus.m */,
				CA4BB6397F914925B5818650 /* GooglePlus.h */,
				22002013AA9348E99E5C7571 /* CDVSplashScreen.m */,
				F3424D94AF374E70AFF9F100 /* CDVViewController+SplashScreen.m */,
				A2FFCAE4D8C644778E69043E /* CDVSplashScreen.h */,
				BDEBF091B27E471E8AB44752 /* CDVViewController+SplashScreen.h */,
				C910E120EA404E7AA924DEBB /* CDVStatusBar.m */,
				81D1A88D1BFA423E97AB7EFB /* CDVStatusBar.h */,
				9AE8CD09A28B438AA818EB82 /* IonicKeyboard.m */,
				8D09CB4F502D4343921CD972 /* IonicKeyboard.h */,
				36AC2DE544294EB1BAF0D1EB /* AppDelegate+notification.m */,
				BB82867FA66846379392BB24 /* PushPlugin.m */,
				C60701D35DBD490DA3A55A82 /* AppDelegate+notification.h */,
				D5E7B9B5B37549F7934C6253 /* PushPlugin.h */,
				9CED17544B3F4A9297A5A6FE /* CDVFile.m */,
				73E06C877EF640FA95690740 /* CDVLocalFilesystem.m */,
				C82C6C69375848BB9D78BBB3 /* CDVAssetLibraryFilesystem.m */,
				2136C2285447428AAFF8DA1B /* CDVFile.h */,
				D56978610FE04615899996CA /* CDVLocalFilesystem.h */,
				19930CC48CDA4F1EA486910A /* CDVAssetLibraryFilesystem.h */,
				CFA7C36BCE4F4622BC0F205D /* CDVFileTransfer.m */,
				1DC3C5442AEC413E8F1E9FF0 /* CDVFileTransfer.h */,
			);
			name = Plugins;
			path = "Pueblos Magicos/Plugins";
			sourceTree = SOURCE_ROOT;
		};
		EB87FDF11871DA420020F90C /* Staging */ = {
			isa = PBXGroup;
			children = (
				F840E1F0165FE0F500CFE078 /* config.xml */,
				301BF56E109A69640062928A /* www */,
			);
			name = Staging;
			sourceTree = "<group>";
		};
/* End PBXGroup section */

/* Begin PBXNativeTarget section */
		1D6058900D05DD3D006BFB54 /* Pueblos Magicos */ = {
			isa = PBXNativeTarget;
			buildConfigurationList = 1D6058960D05DD3E006BFB54 /* Build configuration list for PBXNativeTarget "Pueblos Magicos" */;
			buildPhases = (
				304B58A110DAC018002A0835 /* Copy www directory */,
				1D60588D0D05DD3D006BFB54 /* Resources */,
				1D60588E0D05DD3D006BFB54 /* Sources */,
				1D60588F0D05DD3D006BFB54 /* Frameworks */,
			);
			buildRules = (
			);
			dependencies = (
				301BF551109A68C00062928A /* PBXTargetDependency */,
			);
			name = "Pueblos Magicos";
			productName = "Pueblos Magicos";
			productReference = 1D6058910D05DD3D006BFB54 /* Pueblos Magicos.app */;
			productType = "com.apple.product-type.application";
		};
/* End PBXNativeTarget section */

/* Begin PBXProject section */
		29B97313FDCFA39411CA2CEA /* Project object */ = {
			isa = PBXProject;
			attributes = {
				LastUpgradeCheck = 510;
				TargetAttributes = {
					1D6058900D05DD3D006BFB54 = {
						DevelopmentTeam = ZFZHC85HMU;
						ProvisioningStyle = Manual;
						SystemCapabilities = {
							com.apple.Push = {
								enabled = 1;
							};
						};
					};
				};
			};
			buildConfigurationList = C01FCF4E08A954540054247B /* Build configuration list for PBXProject "Pueblos Magicos" */;
			compatibilityVersion = "Xcode 3.2";
			developmentRegion = English;
			hasScannedForEncodings = 1;
			knownRegions = (
				en,
			);
			mainGroup = 29B97314FDCFA39411CA2CEA /* CustomTemplate */;
			projectDirPath = "";
			projectReferences = (
				{
					ProductGroup = 301BF52E109A57CC0062928A /* Products */;
					ProjectRef = 301BF52D109A57CC0062928A /* CordovaLib.xcodeproj */;
				},
			);
			projectRoot = "";
			targets = (
				1D6058900D05DD3D006BFB54 /* Pueblos Magicos */,
			);
		};
/* End PBXProject section */

/* Begin PBXReferenceProxy section */
		301BF535109A57CC0062928A /* libCordova.a */ = {
			isa = PBXReferenceProxy;
			fileType = archive.ar;
			path = libCordova.a;
			remoteRef = 301BF534109A57CC0062928A /* PBXContainerItemProxy */;
			sourceTree = BUILT_PRODUCTS_DIR;
		};
/* End PBXReferenceProxy section */

/* Begin PBXResourcesBuildPhase section */
		1D60588D0D05DD3D006BFB54 /* Resources */ = {
			isa = PBXResourcesBuildPhase;
			buildActionMask = 2147483647;
			files = (
				302D95F214D2391D003F00A1 /* MainViewController.xib in Resources */,
				0207DA581B56EA530066E2B4 /* Images.xcassets in Resources */,
				6AFF5BF91D6E424B00AB3073 /* CDVLaunchScreen.storyboard in Resources */,
				BC5470198DFA4AB4801A95CF /* GoogleMaps.bundle in Resources */,
				589193AC4F2A432F84F61CE1 /* PEPhotoCropEditor.bundle in Resources */,
			);
			runOnlyForDeploymentPostprocessing = 0;
		};
/* End PBXResourcesBuildPhase section */

/* Begin PBXShellScriptBuildPhase section */
		304B58A110DAC018002A0835 /* Copy www directory */ = {
			isa = PBXShellScriptBuildPhase;
			buildActionMask = 2147483647;
			files = (
			);
			inputPaths = (
			);
			name = "Copy www directory";
			outputPaths = (
			);
			runOnlyForDeploymentPostprocessing = 0;
			shellPath = /bin/sh;
			shellScript = "NODEJS_PATH=/usr/local/bin; NVM_NODE_PATH=~/.nvm/versions/node/`nvm version 2>/dev/null`/bin; N_NODE_PATH=`find /usr/local/n/versions/node/* -maxdepth 0 -type d 2>/dev/null | tail -1`/bin; XCODE_NODE_PATH=`xcode-select --print-path`/usr/share/xcs/Node/bin; PATH=$NODEJS_PATH:$NVM_NODE_PATH:$N_NODE_PATH:$XCODE_NODE_PATH:$PATH && node cordova/lib/copy-www-build-step.js";
			showEnvVarsInLog = 0;
		};
/* End PBXShellScriptBuildPhase section */

/* Begin PBXSourcesBuildPhase section */
		1D60588E0D05DD3D006BFB54 /* Sources */ = {
			isa = PBXSourcesBuildPhase;
			buildActionMask = 2147483647;
			files = (
				1D60589B0D05DD56006BFB54 /* main.m in Sources */,
				1D3623260D0F684500981E51 /* AppDelegate.m in Sources */,
				302D95F114D2391D003F00A1 /* MainViewController.m in Sources */,
				C0A23C74380440218C6A1239 /* PhotoViewer.m in Sources */,
				48E453AE32F24BEF918557AF /* UIImage+CropScaleOrientation.m in Sources */,
				66B6B381A36D44ECBE7DD733 /* CDVCamera.m in Sources */,
				8FC3C2A874D84DF388660278 /* CDVJpegHeaderWriter.m in Sources */,
				5195054338164419A8C45CCD /* CDVLogger.m in Sources */,
				C62F61F9081D476787946951 /* CTCrop.m in Sources */,
				C85BED3D15A24EF0990F6AED /* PECropRectView.m in Sources */,
				4AECCB13C1064E699A38457D /* PECropView.m in Sources */,
				D31ACC4B6CEA4A0CAA024EC2 /* PECropViewController.m in Sources */,
				FFE3952B92E942898CDED624 /* PEResizeControl.m in Sources */,
				C4AB7C6D4AA349E6BE3A5624 /* UIImage+PECrop.m in Sources */,
				067131B87ADB449582F8A2B2 /* CDVDevice.m in Sources */,
				0805BCAB0B554541BEACD6FB /* FacebookConnectPlugin.m in Sources */,
				7490E901A82F43E1BCF95281 /* UniversalAnalyticsPlugin.m in Sources */,
				844BB0296FDA4FEAA81FAD42 /* Circle.m in Sources */,
				F8CB8A69A31A4AD0B0C30DF2 /* External.m in Sources */,
				7CDEE41DFCCE414ABE58D723 /* Geocoder.m in Sources */,
				0AAAA23A5A724BA6B86BC122 /* GoogleMaps.m in Sources */,
				E04A8F2D9A8548AAB7E77371 /* GoogleMapsViewController.m in Sources */,
				0011D45EDE7E4BA88B2B6BE5 /* GroundOverlay.m in Sources */,
				E5EBDC3715CC4E148BCA1AA4 /* KmlOverlay.m in Sources */,
				B2B9A7CB5B504B6E84B4CEB9 /* Map.m in Sources */,
				9511DE61D26D4183A1695AF3 /* Marker.m in Sources */,
				29B3D6DD48C542428772BD6E /* PluginUtil.m in Sources */,
				9F84C37091424243A5BD8A24 /* Polygon.m in Sources */,
				02F53441AEE245C49A505048 /* Polyline.m in Sources */,
				5FC9E4467C23474190AAF777 /* TBXML.m in Sources */,
				5228147ECA9D412BBA9DC94A /* TileOverlay.m in Sources */,
				A842DAC4FA2A4CBFB01996B0 /* NSData+Base64.m in Sources */,
				473DA6E69D9545878768CFFD /* GMSCoordinateBounds+Geometry.m in Sources */,
				28D125DBF2F94F2AB91158BF /* MyPluginLayer.m in Sources */,
				F3EAB4600F9144E8A5F24148 /* MyReachability.m in Sources */,
				CACF0522BE8445659302677C /* MyPluginLayerDebugView.m in Sources */,
				800C3EC7DC30460683089771 /* MyPluginScrollView.m in Sources */,
				66C835D30ED849B7A9640E52 /* GooglePlus.m in Sources */,
				06459128424F4ED09EC10350 /* CDVSplashScreen.m in Sources */,
				448B5F4E1BF745748D11AFDC /* CDVViewController+SplashScreen.m in Sources */,
				829D4BC999E54784A18FBBAC /* CDVStatusBar.m in Sources */,
				806B5D492D184BB184ACD3CA /* IonicKeyboard.m in Sources */,
				39AF41F2D195492499EFB772 /* AppDelegate+notification.m in Sources */,
				5E265F3DFE96433891214549 /* PushPlugin.m in Sources */,
				96F56DC1868A4CDB88F292C4 /* CDVFile.m in Sources */,
				ABA5F6E6DC9D4C4B86083749 /* CDVLocalFilesystem.m in Sources */,
				8258EAB02A504A08814361E5 /* CDVAssetLibraryFilesystem.m in Sources */,
				8BA53AF179234B09BFFF8B0D /* CDVFileTransfer.m in Sources */,
			);
			runOnlyForDeploymentPostprocessing = 0;
		};
/* End PBXSourcesBuildPhase section */

/* Begin PBXTargetDependency section */
		301BF551109A68C00062928A /* PBXTargetDependency */ = {
			isa = PBXTargetDependency;
			name = CordovaLib;
			targetProxy = 301BF550109A68C00062928A /* PBXContainerItemProxy */;
		};
/* End PBXTargetDependency section */

/* Begin XCBuildConfiguration section */
		1D6058940D05DD3E006BFB54 /* Debug */ = {
			isa = XCBuildConfiguration;
			baseConfigurationReference = 3047A50F1AB8059700498E2A /* build-debug.xcconfig */;
			buildSettings = {
				ALWAYS_SEARCH_USER_PATHS = NO;
				ASSETCATALOG_COMPILER_APPICON_NAME = AppIcon;
				ASSETCATALOG_COMPILER_LAUNCHIMAGE_NAME = LaunchImage;
				CLANG_ENABLE_MODULES = YES;
				CLANG_ENABLE_OBJC_ARC = YES;
				CODE_SIGN_ENTITLEMENTS = "Pueblos Magicos/Pueblos Magicos.entitlements";
				"CODE_SIGN_IDENTITY[sdk=iphoneos*]" = "iPhone Developer";
				COPY_PHASE_STRIP = NO;
				DEVELOPMENT_TEAM = ZFZHC85HMU;
				FRAMEWORK_SEARCH_PATHS = (
					"$(inherited)",
					"\"Pueblos Magicos/Plugins/com.googlemaps.ios\"",
					"\"Pueblos Magicos/Plugins/com.googlemaps.ios\"",
					"\"Pueblos Magicos/Plugins/com.googlemaps.ios\"",
					"\"Pueblos Magicos/Plugins/cordova-plugin-facebook4\"",
					"\"Pueblos Magicos/Plugins/cordova-plugin-facebook4\"",
					"\"Pueblos Magicos/Plugins/cordova-plugin-facebook4\"",
					"\"Pueblos Magicos/Plugins/cordova-plugin-facebook4\"",
					"\"Pueblos Magicos/Plugins/cordova-plugin-googleplus\"",
					"\"Pueblos Magicos/Plugins/cordova-plugin-googleplus\"",
					"\"Pueblos Magicos/Plugins/cordova-plugin-googleplus\"",
					"\"Pueblos Magicos/Plugins/cordova-plugin-googleplus\"",
					"\"Pueblos Magicos/Plugins/cordova-plugin-googleplus\"",
					"\"Pueblos Magicos/Plugins/cordova-plugin-googleplus\"",
				);
				GCC_DYNAMIC_NO_PIC = NO;
				GCC_OPTIMIZATION_LEVEL = 0;
				GCC_PRECOMPILE_PREFIX_HEADER = YES;
				GCC_PREFIX_HEADER = "Pueblos Magicos/Pueblos Magicos-Prefix.pch";
				GCC_THUMB_SUPPORT = NO;
				GCC_VERSION = "";
				INFOPLIST_FILE = "Pueblos Magicos/Pueblos Magicos-Info.plist";
				IPHONEOS_DEPLOYMENT_TARGET = 8.0;
				LD_RUNPATH_SEARCH_PATHS = "@executable_path/Frameworks";
				LIBRARY_SEARCH_PATHS = (
					"$(inherited)",
					"\"$(SRCROOT)/Pueblos Magicos/Plugins/cordova-plugin-google-analytics\"",
					"\"$(SRCROOT)/Pueblos Magicos/Plugins/cordova-plugin-google-analytics\"",
				);
				PRODUCT_NAME = "Pueblos Magicos";
				PROVISIONING_PROFILE_SPECIFIER = PueblosMagicosDev;
				TARGETED_DEVICE_FAMILY = "1";
			};
			name = Debug;
		};
		1D6058950D05DD3E006BFB54 /* Release */ = {
			isa = XCBuildConfiguration;
			baseConfigurationReference = 3047A5101AB8059700498E2A /* build-release.xcconfig */;
			buildSettings = {
				ALWAYS_SEARCH_USER_PATHS = NO;
				ASSETCATALOG_COMPILER_APPICON_NAME = AppIcon;
				ASSETCATALOG_COMPILER_LAUNCHIMAGE_NAME = LaunchImage;
				CLANG_ENABLE_MODULES = YES;
				CLANG_ENABLE_OBJC_ARC = YES;
				CODE_SIGN_ENTITLEMENTS = "Pueblos Magicos/Pueblos Magicos.entitlements";
				"CODE_SIGN_IDENTITY[sdk=iphoneos*]" = "iPhone Developer";
				COPY_PHASE_STRIP = YES;
				DEVELOPMENT_TEAM = ZFZHC85HMU;
				FRAMEWORK_SEARCH_PATHS = (
					"$(inherited)",
					"\"Pueblos Magicos/Plugins/com.googlemaps.ios\"",
					"\"Pueblos Magicos/Plugins/com.googlemaps.ios\"",
					"\"Pueblos Magicos/Plugins/com.googlemaps.ios\"",
					"\"Pueblos Magicos/Plugins/cordova-plugin-facebook4\"",
					"\"Pueblos Magicos/Plugins/cordova-plugin-facebook4\"",
					"\"Pueblos Magicos/Plugins/cordova-plugin-facebook4\"",
					"\"Pueblos Magicos/Plugins/cordova-plugin-facebook4\"",
					"\"Pueblos Magicos/Plugins/cordova-plugin-googleplus\"",
					"\"Pueblos Magicos/Plugins/cordova-plugin-googleplus\"",
					"\"Pueblos Magicos/Plugins/cordova-plugin-googleplus\"",
					"\"Pueblos Magicos/Plugins/cordova-plugin-googleplus\"",
					"\"Pueblos Magicos/Plugins/cordova-plugin-googleplus\"",
					"\"Pueblos Magicos/Plugins/cordova-plugin-googleplus\"",
				);
				GCC_PRECOMPILE_PREFIX_HEADER = YES;
				GCC_PREFIX_HEADER = "Pueblos Magicos/Pueblos Magicos-Prefix.pch";
				GCC_THUMB_SUPPORT = NO;
				GCC_VERSION = "";
				INFOPLIST_FILE = "Pueblos Magicos/Pueblos Magicos-Info.plist";
				IPHONEOS_DEPLOYMENT_TARGET = 8.0;
				LD_RUNPATH_SEARCH_PATHS = "@executable_path/Frameworks";
				LIBRARY_SEARCH_PATHS = (
					"$(inherited)",
					"\"$(SRCROOT)/Pueblos Magicos/Plugins/cordova-plugin-google-analytics\"",
					"\"$(SRCROOT)/Pueblos Magicos/Plugins/cordova-plugin-google-analytics\"",
				);
				PRODUCT_NAME = "Pueblos Magicos";
				PROVISIONING_PROFILE_SPECIFIER = PueblosMagicosDev;
				TARGETED_DEVICE_FAMILY = "1";
			};
			name = Release;
		};
		C01FCF4F08A954540054247B /* Debug */ = {
			isa = XCBuildConfiguration;
			baseConfigurationReference = 3047A5111AB8059700498E2A /* build.xcconfig */;
			buildSettings = {
				ASSETCATALOG_COMPILER_LAUNCHIMAGE_NAME = LaunchImage;
				CLANG_ENABLE_MODULES = YES;
				CLANG_ENABLE_OBJC_ARC = YES;
				CLANG_WARN_BOOL_CONVERSION = YES;
				CLANG_WARN_CONSTANT_CONVERSION = YES;
				CLANG_WARN_EMPTY_BODY = YES;
				CLANG_WARN_ENUM_CONVERSION = YES;
				CLANG_WARN_INT_CONVERSION = YES;
				CLANG_WARN__DUPLICATE_METHOD_MATCH = YES;
				GCC_C_LANGUAGE_STANDARD = c99;
				GCC_THUMB_SUPPORT = NO;
				GCC_VERSION = "";
				GCC_WARN_ABOUT_RETURN_TYPE = YES;
				GCC_WARN_UNDECLARED_SELECTOR = YES;
				GCC_WARN_UNINITIALIZED_AUTOS = YES;
				GCC_WARN_UNUSED_FUNCTION = YES;
				GCC_WARN_UNUSED_VARIABLE = YES;
				ONLY_ACTIVE_ARCH = YES;
				SDKROOT = iphoneos;
				SKIP_INSTALL = NO;
				TARGETED_DEVICE_FAMILY = "1";
			};
			name = Debug;
		};
		C01FCF5008A954540054247B /* Release */ = {
			isa = XCBuildConfiguration;
			baseConfigurationReference = 3047A5111AB8059700498E2A /* build.xcconfig */;
			buildSettings = {
				ASSETCATALOG_COMPILER_LAUNCHIMAGE_NAME = LaunchImage;
				CLANG_ENABLE_MODULES = YES;
				CLANG_ENABLE_OBJC_ARC = YES;
				CLANG_WARN_BOOL_CONVERSION = YES;
				CLANG_WARN_CONSTANT_CONVERSION = YES;
				CLANG_WARN_EMPTY_BODY = YES;
				CLANG_WARN_ENUM_CONVERSION = YES;
				CLANG_WARN_INT_CONVERSION = YES;
				CLANG_WARN__DUPLICATE_METHOD_MATCH = YES;
				GCC_C_LANGUAGE_STANDARD = c99;
				GCC_THUMB_SUPPORT = NO;
				GCC_VERSION = "";
				GCC_WARN_ABOUT_RETURN_TYPE = YES;
				GCC_WARN_UNDECLARED_SELECTOR = YES;
				GCC_WARN_UNINITIALIZED_AUTOS = YES;
				GCC_WARN_UNUSED_FUNCTION = YES;
				GCC_WARN_UNUSED_VARIABLE = YES;
				SDKROOT = iphoneos;
				SKIP_INSTALL = NO;
				TARGETED_DEVICE_FAMILY = "1";
			};
			name = Release;
		};
/* End XCBuildConfiguration section */

/* Begin XCConfigurationList section */
		1D6058960D05DD3E006BFB54 /* Build configuration list for PBXNativeTarget "Pueblos Magicos" */ = {
			isa = XCConfigurationList;
			buildConfigurations = (
				1D6058940D05DD3E006BFB54 /* Debug */,
				1D6058950D05DD3E006BFB54 /* Release */,
			);
			defaultConfigurationIsVisible = 0;
			defaultConfigurationName = Release;
		};
		C01FCF4E08A954540054247B /* Build configuration list for PBXProject "Pueblos Magicos" */ = {
			isa = XCConfigurationList;
			buildConfigurations = (
				C01FCF4F08A954540054247B /* Debug */,
				C01FCF5008A954540054247B /* Release */,
			);
			defaultConfigurationIsVisible = 0;
			defaultConfigurationName = Release;
		};
/* End XCConfigurationList section */
	};
	rootObject = 29B97313FDCFA39411CA2CEA /* Project object */;
}
